{
  "version": 4,
  "terraform_version": "1.1.4",
  "serial": 16215,
  "lineage": "53ed1e7c-ca8c-4d49-f4c8-53328426727d",
  "outputs": {
    "cluster_endpoint": {
      "value": "https://A6A660BBB2A900F4E8C43CA6C3B80D68.gr7.us-east-1.eks.amazonaws.com",
      "type": "string"
    },
    "cluster_security_group_id": {
      "value": "sg-0ca183a44d4e59116",
      "type": "string"
    },
    "config_map_aws_auth": {
      "value": [
        {
          "binary_data": null,
          "data": {
            "mapAccounts": "- \"777777777777\"\n- \"888888888888\"\n",
            "mapRoles": "- \"groups\":\n  - \"system:bootstrappers\"\n  - \"system:nodes\"\n  \"rolearn\": \"arn:aws:iam::642975746745:role/test-eks-glCu6ahw2022061402164295590000000d\"\n  \"username\": \"system:node:{{EC2PrivateDNSName}}\"\n- \"groups\":\n  - \"system:masters\"\n  \"rolearn\": \"arn:aws:iam::66666666666:role/role1\"\n  \"username\": \"role1\"\n",
            "mapUsers": "- \"groups\":\n  - \"system:masters\"\n  \"userarn\": \"arn:aws:iam::66666666666:user/user1\"\n  \"username\": \"user1\"\n- \"groups\":\n  - \"system:masters\"\n  \"userarn\": \"arn:aws:iam::66666666666:user/user2\"\n  \"username\": \"user2\"\n"
          },
          "id": "kube-system/aws-auth",
          "metadata": [
            {
              "annotations": null,
              "generate_name": "",
              "generation": 0,
              "labels": {
                "app.kubernetes.io/managed-by": "Terraform",
                "terraform.io/module": "terraform-aws-modules.eks.aws"
              },
              "name": "aws-auth",
              "namespace": "kube-system",
              "resource_version": "763",
              "self_link": "",
              "uid": "f9467bb3-278e-4017-9a12-c09c67a6f2de"
            }
          ]
        }
      ],
      "type": [
        "tuple",
        [
          [
            "object",
            {
              "binary_data": [
                "map",
                "string"
              ],
              "data": [
                "map",
                "string"
              ],
              "id": "string",
              "metadata": [
                "list",
                [
                  "object",
                  {
                    "annotations": [
                      "map",
                      "string"
                    ],
                    "generate_name": "string",
                    "generation": "number",
                    "labels": [
                      "map",
                      "string"
                    ],
                    "name": "string",
                    "namespace": "string",
                    "resource_version": "string",
                    "self_link": "string",
                    "uid": "string"
                  }
                ]
              ]
            }
          ]
        ]
      ]
    },
    "kubectl_config": {
      "value": "apiVersion: v1\npreferences: {}\nkind: Config\n\nclusters:\n- cluster:\n    server: https://A6A660BBB2A900F4E8C43CA6C3B80D68.gr7.us-east-1.eks.amazonaws.com\n    certificate-authority-data: LS0tLS1CRUdJTiBDRVJUSUZJQ0FURS0tLS0tCk1JSUM1ekNDQWMrZ0F3SUJBZ0lCQURBTkJna3Foa2lHOXcwQkFRc0ZBREFWTVJNd0VRWURWUVFERXdwcmRXSmwKY201bGRHVnpNQjRYRFRJeU1EWXhOREF5TVRJME5Gb1hEVE15TURZeE1UQXlNVEkwTkZvd0ZURVRNQkVHQTFVRQpBeE1LYTNWaVpYSnVaWFJsY3pDQ0FTSXdEUVlKS29aSWh2Y05BUUVCQlFBRGdnRVBBRENDQVFvQ2dnRUJBSnpuCklSNkZmVnVEY3QwbXYzVCtIb3duR3JseWRDRVFYSVhVb3BQb0ZoZGFBS1JMWktsTnpWYVNHaStnbjNUb1ZuTmgKSWZGTUJJYmVQY05iTzhBa3pES1hLdzFzTlRTY25zNWtQZ29RRlkyM1FZSXEzOVRrV2J0MnYrQVlxemhGUmtGZAo3T1EvVGVVaFJOY3F6emhDR3dRU1Y1OEVJcC9lUUpSZWlXUzZjaTFmRWtvU2xWNmNuZTRCRjlmREI4NnpmU1hVCmM1QndTOXNraXJqZ1ZsREdtSkpqb1V4cDQ2RXZaazJBNm5CQ3hVMUtqYWo3QnZSVHJ1YlBYa0xUdkpRQzVYNHkKc092T1doL0tWZXVDZjduYU1wd3RMaTdTUDRKc1lmTklKQ0xpYlhVYUNJNUpaR3lydk9GMUNkaTFhdHBZNm9uYgpTQ1JYeEVPMlUxdjZQeExoSjZrQ0F3RUFBYU5DTUVBd0RnWURWUjBQQVFIL0JBUURBZ0trTUE4R0ExVWRFd0VCCi93UUZNQU1CQWY4d0hRWURWUjBPQkJZRUZBUWJ3YmFPOWxRUGFmd0RVTHV1U3VaY29ZblJNQTBHQ1NxR1NJYjMKRFFFQkN3VUFBNElCQVFCclc3b0YxVUt3cDRRVmpzNnNVS3NSaGY0OFZ5T2l3Nm5NSDFWV24ra2tOOUhRMklhMQpUdkRkbU9ZOSs4T2ZLbTZIaC9tSmh0a3pEZktJZlZ4d2ZiT2FQclVnOWFudUdUN3g3R09oa2IwTXJWZG1iSFNGCkRCbFE2RGtqd05URm5EanRPM002eUJzRGZlRGU1QXhBYnE1TGJCYkVpNGh2bkx2d0J3Y0l6dnN6OXJBQ0FoWmcKQjFIZ3J4dlJqWDhvOGU5T082OUxwNDlaa2p6MlVlMGNuRDV3bGM0TWFoZi90TkZDeExERWFQaUVMODd5WEdLaQo3RVZia3RmUllLZTZwUXZURXZTOHJiZENKd0NLdTZDa3JEMjUrT3AxZ0pMVW14d3VRV3A0TTVyRlNmVEErblJVCmI2WnpoeDdyTVg4NnVLOTdsNXF0aDBuWDhNSFMzejA3M2g2RgotLS0tLUVORCBDRVJUSUZJQ0FURS0tLS0tCg==\n  name: eks_test-eks-glCu6ahw\n\ncontexts:\n- context:\n    cluster: eks_test-eks-glCu6ahw\n    user: eks_test-eks-glCu6ahw\n  name: eks_test-eks-glCu6ahw\n\ncurrent-context: eks_test-eks-glCu6ahw\n\nusers:\n- name: eks_test-eks-glCu6ahw\n  user:\n    exec:\n      apiVersion: client.authentication.k8s.io/v1alpha1\n      command: aws-iam-authenticator\n      args:\n        - \"token\"\n        - \"-i\"\n        - \"test-eks-glCu6ahw\"\n",
      "type": "string"
    },
    "region": {
      "value": "us-east-1",
      "type": "string"
    }
  },
  "resources": [
    {
      "mode": "data",
      "type": "aws_availability_zones",
      "name": "available",
      "provider": "provider[\"registry.terraform.io/hashicorp/aws\"]",
      "instances": [
        {
          "schema_version": 0,
          "attributes": {
            "all_availability_zones": null,
            "exclude_names": null,
            "exclude_zone_ids": null,
            "filter": null,
            "group_names": [
              "us-east-1"
            ],
            "id": "us-east-1",
            "names": [
              "us-east-1a",
              "us-east-1b",
              "us-east-1c",
              "us-east-1d",
              "us-east-1e",
              "us-east-1f"
            ],
            "state": null,
            "zone_ids": [
              "use1-az2",
              "use1-az4",
              "use1-az6",
              "use1-az1",
              "use1-az3",
              "use1-az5"
            ]
          },
          "sensitive_attributes": []
        }
      ]
    },
    {
      "mode": "data",
      "type": "aws_eks_cluster",
      "name": "cluster",
      "provider": "provider[\"registry.terraform.io/hashicorp/aws\"]",
      "instances": [
        {
          "schema_version": 0,
          "attributes": {
            "arn": "arn:aws:eks:us-east-1:642975746745:cluster/test-eks-glCu6ahw",
            "certificate_authority": [
              {
                "data": "LS0tLS1CRUdJTiBDRVJUSUZJQ0FURS0tLS0tCk1JSUM1ekNDQWMrZ0F3SUJBZ0lCQURBTkJna3Foa2lHOXcwQkFRc0ZBREFWTVJNd0VRWURWUVFERXdwcmRXSmwKY201bGRHVnpNQjRYRFRJeU1EWXhOREF5TVRJME5Gb1hEVE15TURZeE1UQXlNVEkwTkZvd0ZURVRNQkVHQTFVRQpBeE1LYTNWaVpYSnVaWFJsY3pDQ0FTSXdEUVlKS29aSWh2Y05BUUVCQlFBRGdnRVBBRENDQVFvQ2dnRUJBSnpuCklSNkZmVnVEY3QwbXYzVCtIb3duR3JseWRDRVFYSVhVb3BQb0ZoZGFBS1JMWktsTnpWYVNHaStnbjNUb1ZuTmgKSWZGTUJJYmVQY05iTzhBa3pES1hLdzFzTlRTY25zNWtQZ29RRlkyM1FZSXEzOVRrV2J0MnYrQVlxemhGUmtGZAo3T1EvVGVVaFJOY3F6emhDR3dRU1Y1OEVJcC9lUUpSZWlXUzZjaTFmRWtvU2xWNmNuZTRCRjlmREI4NnpmU1hVCmM1QndTOXNraXJqZ1ZsREdtSkpqb1V4cDQ2RXZaazJBNm5CQ3hVMUtqYWo3QnZSVHJ1YlBYa0xUdkpRQzVYNHkKc092T1doL0tWZXVDZjduYU1wd3RMaTdTUDRKc1lmTklKQ0xpYlhVYUNJNUpaR3lydk9GMUNkaTFhdHBZNm9uYgpTQ1JYeEVPMlUxdjZQeExoSjZrQ0F3RUFBYU5DTUVBd0RnWURWUjBQQVFIL0JBUURBZ0trTUE4R0ExVWRFd0VCCi93UUZNQU1CQWY4d0hRWURWUjBPQkJZRUZBUWJ3YmFPOWxRUGFmd0RVTHV1U3VaY29ZblJNQTBHQ1NxR1NJYjMKRFFFQkN3VUFBNElCQVFCclc3b0YxVUt3cDRRVmpzNnNVS3NSaGY0OFZ5T2l3Nm5NSDFWV24ra2tOOUhRMklhMQpUdkRkbU9ZOSs4T2ZLbTZIaC9tSmh0a3pEZktJZlZ4d2ZiT2FQclVnOWFudUdUN3g3R09oa2IwTXJWZG1iSFNGCkRCbFE2RGtqd05URm5EanRPM002eUJzRGZlRGU1QXhBYnE1TGJCYkVpNGh2bkx2d0J3Y0l6dnN6OXJBQ0FoWmcKQjFIZ3J4dlJqWDhvOGU5T082OUxwNDlaa2p6MlVlMGNuRDV3bGM0TWFoZi90TkZDeExERWFQaUVMODd5WEdLaQo3RVZia3RmUllLZTZwUXZURXZTOHJiZENKd0NLdTZDa3JEMjUrT3AxZ0pMVW14d3VRV3A0TTVyRlNmVEErblJVCmI2WnpoeDdyTVg4NnVLOTdsNXF0aDBuWDhNSFMzejA3M2g2RgotLS0tLUVORCBDRVJUSUZJQ0FURS0tLS0tCg=="
              }
            ],
            "created_at": "2022-06-14 02:06:40.581 +0000 UTC",
            "enabled_cluster_log_types": [],
            "endpoint": "https://A6A660BBB2A900F4E8C43CA6C3B80D68.gr7.us-east-1.eks.amazonaws.com",
            "id": "test-eks-glCu6ahw",
            "identity": [
              {
                "oidc": [
                  {
                    "issuer": "https://oidc.eks.us-east-1.amazonaws.com/id/A6A660BBB2A900F4E8C43CA6C3B80D68"
                  }
                ]
              }
            ],
            "kubernetes_network_config": [
              {
                "ip_family": "ipv4",
                "service_ipv4_cidr": "172.20.0.0/16"
              }
            ],
            "name": "test-eks-glCu6ahw",
            "platform_version": "eks.6",
            "role_arn": "arn:aws:iam::642975746745:role/test-eks-glCu6ahw20220614020611177100000003",
            "status": "ACTIVE",
            "tags": {
              "Environment": "test",
              "GithubOrg": "terraform-aws-modules",
              "GithubRepo": "terraform-aws-eks"
            },
            "version": "1.20",
            "vpc_config": [
              {
                "cluster_security_group_id": "sg-085239eaf0623e3b9",
                "endpoint_private_access": false,
                "endpoint_public_access": true,
                "public_access_cidrs": [
                  "0.0.0.0/0"
                ],
                "security_group_ids": [
                  "sg-0ca183a44d4e59116"
                ],
                "subnet_ids": [
                  "subnet-00eff4ba39f141c33",
                  "subnet-0def6d5894a89a0d3",
                  "subnet-0e75e1b1635023804"
                ],
                "vpc_id": "vpc-01b8e9981e1a6a2fc"
              }
            ]
          },
          "sensitive_attributes": []
        }
      ]
    },
    {
      "mode": "data",
      "type": "aws_eks_cluster_auth",
      "name": "cluster",
      "provider": "provider[\"registry.terraform.io/hashicorp/aws\"]",
      "instances": [
        {
          "schema_version": 0,
          "attributes": {
            "id": "test-eks-glCu6ahw",
            "name": "test-eks-glCu6ahw",
            "token": "k8s-aws-v1.aHR0cHM6Ly9zdHMuYW1hem9uYXdzLmNvbS8_QWN0aW9uPUdldENhbGxlcklkZW50aXR5JlZlcnNpb249MjAxMS0wNi0xNSZYLUFtei1BbGdvcml0aG09QVdTNC1ITUFDLVNIQTI1NiZYLUFtei1DcmVkZW50aWFsPUFLSUFaTE5DWEpLNFNKRERVQ01ZJTJGMjAyMjA2MTQlMkZ1cy1lYXN0LTElMkZzdHMlMkZhd3M0X3JlcXVlc3QmWC1BbXotRGF0ZT0yMDIyMDYxNFQwMjE2NDZaJlgtQW16LUV4cGlyZXM9MCZYLUFtei1TaWduZWRIZWFkZXJzPWhvc3QlM0J4LWs4cy1hd3MtaWQmWC1BbXotU2lnbmF0dXJlPWNlNGZmZGIwNzZjMzI5NzdiOWQ5MTdhYWQ2NWE0OThhMmY5MTkxMzg1ZjkyYzNjNzI0OGI1N2VmNGU2MDQxNWQ"
          },
          "sensitive_attributes": []
        }
      ]
    },
    {
      "mode": "managed",
      "type": "aws_key_pair",
      "name": "key_pair",
      "provider": "provider[\"registry.terraform.io/hashicorp/aws\"]",
      "instances": [
        {
          "index_key": 0,
          "schema_version": 1,
          "attributes": {
            "arn": "arn:aws:ec2:us-east-1:642975746745:key-pair/key_pair_eksglCu6ahw",
            "fingerprint": "bd:36:4d:ff:9c:10:31:54:ad:5d:38:56:7b:da:0f:0f",
            "id": "key_pair_eksglCu6ahw",
            "key_name": "key_pair_eksglCu6ahw",
            "key_name_prefix": "",
            "key_pair_id": "key-0437bbb2ebec9fe1b",
            "public_key": "ssh-rsa AAAAB3NzaC1yc2EAAAADAQABAAABgQDRH9ev3blfLDKVHFCYPnoMsP6DnjgfOEzhvS7D5PNaQc5Rr2/XIv1HU1wkOHVJ2dHMZ1OMs2I8bg4aiPph8bcGm8gxNtyzo1tyo/r/J3HQZe/+ys+vCTTceUVxUpoZpKDvlVz77PKnDK9IfbWEH5AEEg+SlnNo8GypgdGfOpF71Mv9whksbYKIGAVPikGQqmf9REtWtgyuQmNSrYCkHR3jP743Av2O50venJvFIAe1GECmuxe/CeL+p8K/WLWH8jkTfEJfKh5uFNJFmDsUAMS8jIDV8h66TcLB6WNxshmoDOfK7RsRI57z4Dg2Nll5LgwGvo9TH9Az7EeN6Gy03o6Lt4M62YZhbSt8zPyuBVTtRz86WugibYNQrVaaQMrfrBNvUBHDqwD95D3oNd944zPKPpKqLLTrH24cZVmzag1luLEQmNWy+2PEMnWAjmz7RAahaW6nqwsAgTt0lPyHZK59iJ2ILKCo2HHpt51zOsrWsnqoJS/zm/epZNjQ4FCuDW0= shawnsun@shawns-mbp.lan",
            "tags": null,
            "tags_all": {}
          },
          "sensitive_attributes": [],
          "private": "eyJzY2hlbWFfdmVyc2lvbiI6IjEifQ==",
          "dependencies": [
            "random_string.suffix"
          ],
          "create_before_destroy": true
        }
      ]
    },
    {
      "mode": "managed",
      "type": "aws_security_group",
      "name": "all_worker_mgmt",
      "provider": "provider[\"registry.terraform.io/hashicorp/aws\"]",
      "instances": [
        {
          "schema_version": 1,
          "attributes": {
            "arn": "arn:aws:ec2:us-east-1:642975746745:security-group/sg-01e6b3b2dbf98086b",
            "description": "Managed by Terraform",
            "egress": [],
            "id": "sg-01e6b3b2dbf98086b",
            "ingress": [
              {
                "cidr_blocks": [
                  "10.0.0.0/8",
                  "172.16.0.0/12",
                  "192.168.0.0/16"
                ],
                "description": "",
                "from_port": 22,
                "ipv6_cidr_blocks": [],
                "prefix_list_ids": [],
                "protocol": "tcp",
                "security_groups": [],
                "self": false,
                "to_port": 22
              }
            ],
            "name": "all_worker_management20220614020626655700000009",
            "name_prefix": "all_worker_management",
            "owner_id": "642975746745",
            "revoke_rules_on_delete": false,
            "tags": null,
            "tags_all": {},
            "timeouts": null,
            "vpc_id": "vpc-01b8e9981e1a6a2fc"
          },
          "sensitive_attributes": [],
          "private": "eyJlMmJmYjczMC1lY2FhLTExZTYtOGY4OC0zNDM2M2JjN2M0YzAiOnsiY3JlYXRlIjo2MDAwMDAwMDAwMDAsImRlbGV0ZSI6OTAwMDAwMDAwMDAwfSwic2NoZW1hX3ZlcnNpb24iOiIxIn0=",
          "dependencies": [
            "module.vpc.aws_vpc.this"
          ],
          "create_before_destroy": true
        }
      ]
    },
    {
      "mode": "managed",
      "type": "aws_security_group",
      "name": "worker_group_mgmt",
      "provider": "provider[\"registry.terraform.io/hashicorp/aws\"]",
      "instances": [
        {
          "schema_version": 1,
          "attributes": {
            "arn": "arn:aws:ec2:us-east-1:642975746745:security-group/sg-02d54c6cc9245ba68",
            "description": "Managed by Terraform",
            "egress": [
              {
                "cidr_blocks": [
                  "0.0.0.0/0"
                ],
                "description": "",
                "from_port": 0,
                "ipv6_cidr_blocks": [],
                "prefix_list_ids": [],
                "protocol": "-1",
                "security_groups": [],
                "self": false,
                "to_port": 0
              }
            ],
            "id": "sg-02d54c6cc9245ba68",
            "ingress": [
              {
                "cidr_blocks": [
                  "0.0.0.0/0"
                ],
                "description": "SSH",
                "from_port": 22,
                "ipv6_cidr_blocks": [],
                "prefix_list_ids": [],
                "protocol": "tcp",
                "security_groups": [],
                "self": false,
                "to_port": 22
              },
              {
                "cidr_blocks": [],
                "description": "",
                "from_port": 0,
                "ipv6_cidr_blocks": [],
                "prefix_list_ids": [],
                "protocol": "-1",
                "security_groups": [],
                "self": true,
                "to_port": 0
              }
            ],
            "name": "worker_group_mgmt2022061402062665740000000a",
            "name_prefix": "worker_group_mgmt",
            "owner_id": "642975746745",
            "revoke_rules_on_delete": false,
            "tags": null,
            "tags_all": {},
            "timeouts": null,
            "vpc_id": "vpc-01b8e9981e1a6a2fc"
          },
          "sensitive_attributes": [],
          "private": "eyJlMmJmYjczMC1lY2FhLTExZTYtOGY4OC0zNDM2M2JjN2M0YzAiOnsiY3JlYXRlIjo2MDAwMDAwMDAwMDAsImRlbGV0ZSI6OTAwMDAwMDAwMDAwfSwic2NoZW1hX3ZlcnNpb24iOiIxIn0=",
          "dependencies": [
            "module.vpc.aws_vpc.this"
          ],
          "create_before_destroy": true
        }
      ]
    },
    {
      "mode": "managed",
      "type": "random_string",
      "name": "suffix",
      "provider": "provider[\"registry.terraform.io/hashicorp/random\"]",
      "instances": [
        {
          "schema_version": 1,
          "attributes": {
            "id": "glCu6ahw",
            "keepers": null,
            "length": 8,
            "lower": true,
            "min_lower": 0,
            "min_numeric": 0,
            "min_special": 0,
            "min_upper": 0,
            "number": true,
            "override_special": null,
            "result": "glCu6ahw",
            "special": false,
            "upper": true
          },
          "sensitive_attributes": [],
          "private": "eyJzY2hlbWFfdmVyc2lvbiI6IjEifQ==",
          "create_before_destroy": true
        }
      ]
    },
    {
      "module": "module.eks_cluster",
      "mode": "data",
      "type": "aws_ami",
      "name": "eks_worker",
      "provider": "provider[\"registry.terraform.io/hashicorp/aws\"]",
      "instances": [
        {
          "index_key": 0,
          "schema_version": 0,
          "attributes": {
            "architecture": "x86_64",
            "arn": "arn:aws:ec2:us-east-1::image/ami-0486cafbb8f4a618e",
            "block_device_mappings": [
              {
                "device_name": "/dev/xvda",
                "ebs": {
                  "delete_on_termination": "true",
                  "encrypted": "false",
                  "iops": "0",
                  "snapshot_id": "snap-0e4dc36edadbe0c64",
                  "throughput": "0",
                  "volume_size": "20",
                  "volume_type": "gp2"
                },
                "no_device": "",
                "virtual_name": ""
              }
            ],
            "creation_date": "2022-05-27T00:05:48.000Z",
            "description": "EKS Kubernetes Worker AMI with AmazonLinux2 image, (k8s: 1.20.11, docker: 20.10.13-2.amzn2, containerd: 1.4.13-2.amzn2.0.1)",
            "ena_support": true,
            "executable_users": null,
            "filter": [
              {
                "name": "name",
                "values": [
                  "amazon-eks-node-1.20-v*"
                ]
              }
            ],
            "hypervisor": "xen",
            "id": "ami-0486cafbb8f4a618e",
            "image_id": "ami-0486cafbb8f4a618e",
            "image_location": "amazon/amazon-eks-node-1.20-v20220526",
            "image_owner_alias": "amazon",
            "image_type": "machine",
            "kernel_id": null,
            "most_recent": true,
            "name": "amazon-eks-node-1.20-v20220526",
            "name_regex": null,
            "owner_id": "602401143452",
            "owners": [
              "amazon"
            ],
            "platform": null,
            "platform_details": "Linux/UNIX",
            "product_codes": [],
            "public": true,
            "ramdisk_id": null,
            "root_device_name": "/dev/xvda",
            "root_device_type": "ebs",
            "root_snapshot_id": "snap-0e4dc36edadbe0c64",
            "sriov_net_support": "simple",
            "state": "available",
            "state_reason": {
              "code": "UNSET",
              "message": "UNSET"
            },
            "tags": {},
            "usage_operation": "RunInstances",
            "virtualization_type": "hvm"
          },
          "sensitive_attributes": []
        }
      ]
    },
    {
      "module": "module.eks_cluster",
      "mode": "data",
      "type": "aws_caller_identity",
      "name": "current",
      "provider": "provider[\"registry.terraform.io/hashicorp/aws\"]",
      "instances": [
        {
          "schema_version": 0,
          "attributes": {
            "account_id": "642975746745",
            "arn": "arn:aws:iam::642975746745:user/shawn.sun",
            "id": "642975746745",
            "user_id": "AIDAZLNCXJK4QF7OHKQBP"
          },
          "sensitive_attributes": []
        }
      ]
    },
    {
      "module": "module.eks_cluster",
      "mode": "data",
      "type": "aws_iam_policy_document",
      "name": "cluster_assume_role_policy",
      "provider": "provider[\"registry.terraform.io/hashicorp/aws\"]",
      "instances": [
        {
          "schema_version": 0,
          "attributes": {
            "id": "2764486067",
            "json": "{\n  \"Version\": \"2012-10-17\",\n  \"Statement\": [\n    {\n      \"Sid\": \"EKSClusterAssumeRole\",\n      \"Effect\": \"Allow\",\n      \"Action\": \"sts:AssumeRole\",\n      \"Principal\": {\n        \"Service\": \"eks.amazonaws.com\"\n      }\n    }\n  ]\n}",
            "override_json": null,
            "override_policy_documents": null,
            "policy_id": null,
            "source_json": null,
            "source_policy_documents": null,
            "statement": [
              {
                "actions": [
                  "sts:AssumeRole"
                ],
                "condition": [],
                "effect": "Allow",
                "not_actions": [],
                "not_principals": [],
                "not_resources": [],
                "principals": [
                  {
                    "identifiers": [
                      "eks.amazonaws.com"
                    ],
                    "type": "Service"
                  }
                ],
                "resources": [],
                "sid": "EKSClusterAssumeRole"
              }
            ],
            "version": "2012-10-17"
          },
          "sensitive_attributes": []
        }
      ]
    },
    {
      "module": "module.eks_cluster",
      "mode": "data",
      "type": "aws_iam_policy_document",
      "name": "cluster_deny_log_group",
      "provider": "provider[\"registry.terraform.io/hashicorp/aws\"]",
      "instances": [
        {
          "index_key": 0,
          "schema_version": 0,
          "attributes": {
            "id": "2675893060",
            "json": "{\n  \"Version\": \"2012-10-17\",\n  \"Statement\": [\n    {\n      \"Sid\": \"\",\n      \"Effect\": \"Deny\",\n      \"Action\": \"logs:CreateLogGroup\",\n      \"Resource\": \"*\"\n    }\n  ]\n}",
            "override_json": null,
            "override_policy_documents": null,
            "policy_id": null,
            "source_json": null,
            "source_policy_documents": null,
            "statement": [
              {
                "actions": [
                  "logs:CreateLogGroup"
                ],
                "condition": [],
                "effect": "Deny",
                "not_actions": [],
                "not_principals": [],
                "not_resources": [],
                "principals": [],
                "resources": [
                  "*"
                ],
                "sid": ""
              }
            ],
            "version": "2012-10-17"
          },
          "sensitive_attributes": []
        }
      ]
    },
    {
      "module": "module.eks_cluster",
      "mode": "data",
      "type": "aws_iam_policy_document",
      "name": "cluster_elb_sl_role_creation",
      "provider": "provider[\"registry.terraform.io/hashicorp/aws\"]",
      "instances": [
        {
          "index_key": 0,
          "schema_version": 0,
          "attributes": {
            "id": "3709839417",
            "json": "{\n  \"Version\": \"2012-10-17\",\n  \"Statement\": [\n    {\n      \"Sid\": \"\",\n      \"Effect\": \"Allow\",\n      \"Action\": [\n        \"ec2:DescribeInternetGateways\",\n        \"ec2:DescribeAddresses\",\n        \"ec2:DescribeAccountAttributes\"\n      ],\n      \"Resource\": \"*\"\n    }\n  ]\n}",
            "override_json": null,
            "override_policy_documents": null,
            "policy_id": null,
            "source_json": null,
            "source_policy_documents": null,
            "statement": [
              {
                "actions": [
                  "ec2:DescribeAccountAttributes",
                  "ec2:DescribeAddresses",
                  "ec2:DescribeInternetGateways"
                ],
                "condition": [],
                "effect": "Allow",
                "not_actions": [],
                "not_principals": [],
                "not_resources": [],
                "principals": [],
                "resources": [
                  "*"
                ],
                "sid": ""
              }
            ],
            "version": "2012-10-17"
          },
          "sensitive_attributes": []
        }
      ]
    },
    {
      "module": "module.eks_cluster",
      "mode": "data",
      "type": "aws_iam_policy_document",
      "name": "workers_assume_role_policy",
      "provider": "provider[\"registry.terraform.io/hashicorp/aws\"]",
      "instances": [
        {
          "schema_version": 0,
          "attributes": {
            "id": "3778018924",
            "json": "{\n  \"Version\": \"2012-10-17\",\n  \"Statement\": [\n    {\n      \"Sid\": \"EKSWorkerAssumeRole\",\n      \"Effect\": \"Allow\",\n      \"Action\": \"sts:AssumeRole\",\n      \"Principal\": {\n        \"Service\": \"ec2.amazonaws.com\"\n      }\n    }\n  ]\n}",
            "override_json": null,
            "override_policy_documents": null,
            "policy_id": null,
            "source_json": null,
            "source_policy_documents": null,
            "statement": [
              {
                "actions": [
                  "sts:AssumeRole"
                ],
                "condition": [],
                "effect": "Allow",
                "not_actions": [],
                "not_principals": [],
                "not_resources": [],
                "principals": [
                  {
                    "identifiers": [
                      "ec2.amazonaws.com"
                    ],
                    "type": "Service"
                  }
                ],
                "resources": [],
                "sid": "EKSWorkerAssumeRole"
              }
            ],
            "version": "2012-10-17"
          },
          "sensitive_attributes": []
        }
      ]
    },
    {
      "module": "module.eks_cluster",
      "mode": "data",
      "type": "aws_partition",
      "name": "current",
      "provider": "provider[\"registry.terraform.io/hashicorp/aws\"]",
      "instances": [
        {
          "schema_version": 0,
          "attributes": {
            "dns_suffix": "amazonaws.com",
            "id": "aws",
            "partition": "aws",
            "reverse_dns_prefix": "com.amazonaws"
          },
          "sensitive_attributes": []
        }
      ]
    },
    {
      "module": "module.eks_cluster",
      "mode": "data",
      "type": "http",
      "name": "wait_for_cluster",
      "provider": "provider[\"registry.terraform.io/terraform-aws-modules/http\"]",
      "instances": [
        {
          "index_key": 0,
          "schema_version": 0,
          "attributes": {
            "body": "ok",
            "ca_certificate": "-----BEGIN CERTIFICATE-----\nMIIC5zCCAc+gAwIBAgIBADANBgkqhkiG9w0BAQsFADAVMRMwEQYDVQQDEwprdWJl\ncm5ldGVzMB4XDTIyMDYxNDAyMTI0NFoXDTMyMDYxMTAyMTI0NFowFTETMBEGA1UE\nAxMKa3ViZXJuZXRlczCCASIwDQYJKoZIhvcNAQEBBQADggEPADCCAQoCggEBAJzn\nIR6FfVuDct0mv3T+HownGrlydCEQXIXUopPoFhdaAKRLZKlNzVaSGi+gn3ToVnNh\nIfFMBIbePcNbO8AkzDKXKw1sNTScns5kPgoQFY23QYIq39TkWbt2v+AYqzhFRkFd\n7OQ/TeUhRNcqzzhCGwQSV58EIp/eQJReiWS6ci1fEkoSlV6cne4BF9fDB86zfSXU\nc5BwS9skirjgVlDGmJJjoUxp46EvZk2A6nBCxU1Kjaj7BvRTrubPXkLTvJQC5X4y\nsOvOWh/KVeuCf7naMpwtLi7SP4JsYfNIJCLibXUaCI5JZGyrvOF1Cdi1atpY6onb\nSCRXxEO2U1v6PxLhJ6kCAwEAAaNCMEAwDgYDVR0PAQH/BAQDAgKkMA8GA1UdEwEB\n/wQFMAMBAf8wHQYDVR0OBBYEFAQbwbaO9lQPafwDULuuSuZcoYnRMA0GCSqGSIb3\nDQEBCwUAA4IBAQBrW7oF1UKwp4QVjs6sUKsRhf48VyOiw6nMH1VWn+kkN9HQ2Ia1\nTvDdmOY9+8OfKm6Hh/mJhtkzDfKIfVxwfbOaPrUg9anuGT7x7GOhkb0MrVdmbHSF\nDBlQ6DkjwNTFnDjtO3M6yBsDfeDe5AxAbq5LbBbEi4hvnLvwBwcIzvsz9rACAhZg\nB1HgrxvRjX8o8e9OO69Lp49Zkjz2Ue0cnD5wlc4Mahf/tNFCxLDEaPiEL87yXGKi\n7EVbktfRYKe6pQvTEvS8rbdCJwCKu6CkrD25+Op1gJLUmxwuQWp4M5rFSfTA+nRU\nb6Zzhx7rMX86uK97l5qth0nX8MHS3z073h6F\n-----END CERTIFICATE-----\n",
            "id": "https://A6A660BBB2A900F4E8C43CA6C3B80D68.gr7.us-east-1.eks.amazonaws.com/healthz",
            "insecure": false,
            "request_headers": null,
            "response_headers": {
              "Cache-Control": "no-cache, private",
              "Content-Length": "2",
              "Content-Type": "text/plain; charset=utf-8",
              "Date": "Tue, 14 Jun 2022 02:16:46 GMT",
              "X-Content-Type-Options": "nosniff",
              "X-Kubernetes-Pf-Flowschema-Uid": "029d1a6e-3686-4429-9b7a-ecbd7e71f93a",
              "X-Kubernetes-Pf-Prioritylevel-Uid": "174edbbc-3bd0-48df-8887-bbe1cd9adff5"
            },
            "timeout": 300,
            "url": "https://A6A660BBB2A900F4E8C43CA6C3B80D68.gr7.us-east-1.eks.amazonaws.com/healthz"
          },
          "sensitive_attributes": []
        }
      ]
    },
    {
      "module": "module.eks_cluster",
      "mode": "managed",
      "type": "aws_autoscaling_group",
      "name": "workers",
      "provider": "provider[\"registry.terraform.io/hashicorp/aws\"]",
      "instances": [
        {
          "index_key": 0,
          "schema_version": 0,
          "attributes": {
            "arn": "arn:aws:autoscaling:us-east-1:642975746745:autoScalingGroup:abdd8924-6670-4e93-a59f-2326240d5b90:autoScalingGroupName/test-eks-glCu6ahw-020220614021653416900000013",
            "availability_zones": [
              "us-east-1a",
              "us-east-1b",
              "us-east-1c"
            ],
            "capacity_rebalance": false,
            "default_cooldown": 300,
            "desired_capacity": 2,
            "enabled_metrics": null,
            "force_delete": false,
            "force_delete_warm_pool": false,
            "health_check_grace_period": 300,
            "health_check_type": "EC2",
            "id": "test-eks-glCu6ahw-020220614021653416900000013",
            "initial_lifecycle_hook": [],
            "instance_refresh": [],
            "launch_configuration": "test-eks-glCu6ahw-020220614021646389400000012",
            "launch_template": [],
            "load_balancers": null,
            "max_instance_lifetime": 0,
            "max_size": 3,
            "metrics_granularity": "1Minute",
            "min_elb_capacity": null,
            "min_size": 1,
            "mixed_instances_policy": [],
            "name": "test-eks-glCu6ahw-020220614021653416900000013",
            "name_prefix": "test-eks-glCu6ahw-0",
            "placement_group": "",
            "protect_from_scale_in": false,
            "service_linked_role_arn": "arn:aws:iam::642975746745:role/aws-service-role/autoscaling.amazonaws.com/AWSServiceRoleForAutoScaling",
            "suspended_processes": [
              "AZRebalance"
            ],
            "tag": [
              {
                "key": "Environment",
                "propagate_at_launch": true,
                "value": "test"
              },
              {
                "key": "GithubOrg",
                "propagate_at_launch": true,
                "value": "terraform-aws-modules"
              },
              {
                "key": "GithubRepo",
                "propagate_at_launch": true,
                "value": "terraform-aws-eks"
              },
              {
                "key": "Name",
                "propagate_at_launch": true,
                "value": "test-eks-glCu6ahw-0-eks_asg"
              },
              {
                "key": "k8s.io/cluster/test-eks-glCu6ahw",
                "propagate_at_launch": true,
                "value": "owned"
              },
              {
                "key": "kubernetes.io/cluster/test-eks-glCu6ahw",
                "propagate_at_launch": true,
                "value": "owned"
              }
            ],
            "tags": null,
            "target_group_arns": null,
            "termination_policies": [],
            "timeouts": null,
            "vpc_zone_identifier": [
              "subnet-00eff4ba39f141c33",
              "subnet-0def6d5894a89a0d3",
              "subnet-0e75e1b1635023804"
            ],
            "wait_for_capacity_timeout": "10m",
            "wait_for_elb_capacity": null,
            "warm_pool": []
          },
          "sensitive_attributes": [],
          "private": "eyJlMmJmYjczMC1lY2FhLTExZTYtOGY4OC0zNDM2M2JjN2M0YzAiOnsiZGVsZXRlIjo2MDAwMDAwMDAwMDB9fQ==",
          "dependencies": [
            "aws_key_pair.key_pair",
            "aws_security_group.all_worker_mgmt",
            "aws_security_group.worker_group_mgmt",
            "data.aws_availability_zones.available",
            "module.eks_cluster.aws_cloudwatch_log_group.this",
            "module.eks_cluster.aws_eks_cluster.this",
            "module.eks_cluster.aws_iam_instance_profile.workers",
            "module.eks_cluster.aws_iam_role.cluster",
            "module.eks_cluster.aws_iam_role.workers",
            "module.eks_cluster.aws_iam_role_policy_attachment.cluster_AmazonEKSClusterPolicy",
            "module.eks_cluster.aws_iam_role_policy_attachment.cluster_AmazonEKSServicePolicy",
            "module.eks_cluster.aws_iam_role_policy_attachment.cluster_AmazonEKSVPCResourceControllerPolicy",
            "module.eks_cluster.aws_iam_role_policy_attachment.workers_AmazonEC2ContainerRegistryReadOnly",
            "module.eks_cluster.aws_iam_role_policy_attachment.workers_AmazonEKSWorkerNodePolicy",
            "module.eks_cluster.aws_iam_role_policy_attachment.workers_AmazonEKS_CNI_Policy",
            "module.eks_cluster.aws_iam_role_policy_attachment.workers_additional_policies",
            "module.eks_cluster.aws_launch_configuration.workers",
            "module.eks_cluster.aws_security_group.cluster",
            "module.eks_cluster.aws_security_group.workers",
            "module.eks_cluster.aws_security_group_rule.cluster_egress_internet",
            "module.eks_cluster.aws_security_group_rule.cluster_https_worker_ingress",
            "module.eks_cluster.aws_security_group_rule.cluster_primary_ingress_workers",
            "module.eks_cluster.aws_security_group_rule.workers_egress_internet",
            "module.eks_cluster.aws_security_group_rule.workers_ingress_cluster",
            "module.eks_cluster.aws_security_group_rule.workers_ingress_cluster_https",
            "module.eks_cluster.aws_security_group_rule.workers_ingress_cluster_kubelet",
            "module.eks_cluster.aws_security_group_rule.workers_ingress_cluster_primary",
            "module.eks_cluster.aws_security_group_rule.workers_ingress_self",
            "module.eks_cluster.data.aws_ami.eks_worker",
            "module.eks_cluster.data.aws_ami.eks_worker_windows",
            "module.eks_cluster.data.aws_iam_instance_profile.custom_worker_group_iam_instance_profile",
            "module.eks_cluster.data.aws_iam_policy_document.cluster_assume_role_policy",
            "module.eks_cluster.data.aws_iam_policy_document.workers_assume_role_policy",
            "module.eks_cluster.data.aws_iam_role.custom_cluster_iam_role",
            "module.eks_cluster.data.aws_partition.current",
            "module.vpc.aws_subnet.public",
            "module.vpc.aws_vpc.this",
            "module.vpc.aws_vpc_ipv4_cidr_block_association.this",
            "random_string.suffix"
          ],
          "create_before_destroy": true
        }
      ]
    },
    {
      "module": "module.eks_cluster",
      "mode": "managed",
      "type": "aws_eks_cluster",
      "name": "this",
      "provider": "provider[\"registry.terraform.io/hashicorp/aws\"]",
      "instances": [
        {
          "index_key": 0,
          "schema_version": 0,
          "attributes": {
            "arn": "arn:aws:eks:us-east-1:642975746745:cluster/test-eks-glCu6ahw",
            "certificate_authority": [
              {
                "data": "LS0tLS1CRUdJTiBDRVJUSUZJQ0FURS0tLS0tCk1JSUM1ekNDQWMrZ0F3SUJBZ0lCQURBTkJna3Foa2lHOXcwQkFRc0ZBREFWTVJNd0VRWURWUVFERXdwcmRXSmwKY201bGRHVnpNQjRYRFRJeU1EWXhOREF5TVRJME5Gb1hEVE15TURZeE1UQXlNVEkwTkZvd0ZURVRNQkVHQTFVRQpBeE1LYTNWaVpYSnVaWFJsY3pDQ0FTSXdEUVlKS29aSWh2Y05BUUVCQlFBRGdnRVBBRENDQVFvQ2dnRUJBSnpuCklSNkZmVnVEY3QwbXYzVCtIb3duR3JseWRDRVFYSVhVb3BQb0ZoZGFBS1JMWktsTnpWYVNHaStnbjNUb1ZuTmgKSWZGTUJJYmVQY05iTzhBa3pES1hLdzFzTlRTY25zNWtQZ29RRlkyM1FZSXEzOVRrV2J0MnYrQVlxemhGUmtGZAo3T1EvVGVVaFJOY3F6emhDR3dRU1Y1OEVJcC9lUUpSZWlXUzZjaTFmRWtvU2xWNmNuZTRCRjlmREI4NnpmU1hVCmM1QndTOXNraXJqZ1ZsREdtSkpqb1V4cDQ2RXZaazJBNm5CQ3hVMUtqYWo3QnZSVHJ1YlBYa0xUdkpRQzVYNHkKc092T1doL0tWZXVDZjduYU1wd3RMaTdTUDRKc1lmTklKQ0xpYlhVYUNJNUpaR3lydk9GMUNkaTFhdHBZNm9uYgpTQ1JYeEVPMlUxdjZQeExoSjZrQ0F3RUFBYU5DTUVBd0RnWURWUjBQQVFIL0JBUURBZ0trTUE4R0ExVWRFd0VCCi93UUZNQU1CQWY4d0hRWURWUjBPQkJZRUZBUWJ3YmFPOWxRUGFmd0RVTHV1U3VaY29ZblJNQTBHQ1NxR1NJYjMKRFFFQkN3VUFBNElCQVFCclc3b0YxVUt3cDRRVmpzNnNVS3NSaGY0OFZ5T2l3Nm5NSDFWV24ra2tOOUhRMklhMQpUdkRkbU9ZOSs4T2ZLbTZIaC9tSmh0a3pEZktJZlZ4d2ZiT2FQclVnOWFudUdUN3g3R09oa2IwTXJWZG1iSFNGCkRCbFE2RGtqd05URm5EanRPM002eUJzRGZlRGU1QXhBYnE1TGJCYkVpNGh2bkx2d0J3Y0l6dnN6OXJBQ0FoWmcKQjFIZ3J4dlJqWDhvOGU5T082OUxwNDlaa2p6MlVlMGNuRDV3bGM0TWFoZi90TkZDeExERWFQaUVMODd5WEdLaQo3RVZia3RmUllLZTZwUXZURXZTOHJiZENKd0NLdTZDa3JEMjUrT3AxZ0pMVW14d3VRV3A0TTVyRlNmVEErblJVCmI2WnpoeDdyTVg4NnVLOTdsNXF0aDBuWDhNSFMzejA3M2g2RgotLS0tLUVORCBDRVJUSUZJQ0FURS0tLS0tCg=="
              }
            ],
            "created_at": "2022-06-14 02:06:40.581 +0000 UTC",
            "enabled_cluster_log_types": null,
            "encryption_config": [],
            "endpoint": "https://A6A660BBB2A900F4E8C43CA6C3B80D68.gr7.us-east-1.eks.amazonaws.com",
            "id": "test-eks-glCu6ahw",
            "identity": [
              {
                "oidc": [
                  {
                    "issuer": "https://oidc.eks.us-east-1.amazonaws.com/id/A6A660BBB2A900F4E8C43CA6C3B80D68"
                  }
                ]
              }
            ],
            "kubernetes_network_config": [
              {
                "ip_family": "ipv4",
                "service_ipv4_cidr": "172.20.0.0/16"
              }
            ],
            "name": "test-eks-glCu6ahw",
            "platform_version": "eks.6",
            "role_arn": "arn:aws:iam::642975746745:role/test-eks-glCu6ahw20220614020611177100000003",
            "status": "ACTIVE",
            "tags": {
              "Environment": "test",
              "GithubOrg": "terraform-aws-modules",
              "GithubRepo": "terraform-aws-eks"
            },
            "tags_all": {
              "Environment": "test",
              "GithubOrg": "terraform-aws-modules",
              "GithubRepo": "terraform-aws-eks"
            },
            "timeouts": {
              "create": "30m",
              "delete": "15m",
              "update": "60m"
            },
            "version": "1.20",
            "vpc_config": [
              {
                "cluster_security_group_id": "sg-085239eaf0623e3b9",
                "endpoint_private_access": false,
                "endpoint_public_access": true,
                "public_access_cidrs": [
                  "0.0.0.0/0"
                ],
                "security_group_ids": [
                  "sg-0ca183a44d4e59116"
                ],
                "subnet_ids": [
                  "subnet-00eff4ba39f141c33",
                  "subnet-0def6d5894a89a0d3",
                  "subnet-0e75e1b1635023804"
                ],
                "vpc_id": "vpc-01b8e9981e1a6a2fc"
              }
            ]
          },
          "sensitive_attributes": [],
          "private": "eyJlMmJmYjczMC1lY2FhLTExZTYtOGY4OC0zNDM2M2JjN2M0YzAiOnsiY3JlYXRlIjoxODAwMDAwMDAwMDAwLCJkZWxldGUiOjkwMDAwMDAwMDAwMCwidXBkYXRlIjozNjAwMDAwMDAwMDAwfX0=",
          "dependencies": [
            "data.aws_availability_zones.available",
            "module.eks_cluster.aws_cloudwatch_log_group.this",
            "module.eks_cluster.aws_iam_role.cluster",
            "module.eks_cluster.aws_iam_role_policy_attachment.cluster_AmazonEKSClusterPolicy",
            "module.eks_cluster.aws_iam_role_policy_attachment.cluster_AmazonEKSServicePolicy",
            "module.eks_cluster.aws_iam_role_policy_attachment.cluster_AmazonEKSVPCResourceControllerPolicy",
            "module.eks_cluster.aws_security_group.cluster",
            "module.eks_cluster.aws_security_group.workers",
            "module.eks_cluster.aws_security_group_rule.cluster_egress_internet",
            "module.eks_cluster.aws_security_group_rule.cluster_https_worker_ingress",
            "module.eks_cluster.data.aws_iam_policy_document.cluster_assume_role_policy",
            "module.eks_cluster.data.aws_iam_role.custom_cluster_iam_role",
            "module.eks_cluster.data.aws_partition.current",
            "module.vpc.aws_subnet.public",
            "module.vpc.aws_vpc.this",
            "module.vpc.aws_vpc_ipv4_cidr_block_association.this",
            "random_string.suffix"
          ],
          "create_before_destroy": true
        }
      ]
    },
    {
      "module": "module.eks_cluster",
      "mode": "managed",
      "type": "aws_iam_instance_profile",
      "name": "workers",
      "provider": "provider[\"registry.terraform.io/hashicorp/aws\"]",
      "instances": [
        {
          "index_key": 0,
          "schema_version": 0,
          "attributes": {
            "arn": "arn:aws:iam::642975746745:instance-profile/test-eks-glCu6ahw2022061402164481350000000e",
            "create_date": "2022-06-14T02:16:45Z",
            "id": "test-eks-glCu6ahw2022061402164481350000000e",
            "name": "test-eks-glCu6ahw2022061402164481350000000e",
            "name_prefix": "test-eks-glCu6ahw",
            "path": "/",
            "role": "test-eks-glCu6ahw2022061402164295590000000d",
            "tags": {
              "Environment": "test",
              "GithubOrg": "terraform-aws-modules",
              "GithubRepo": "terraform-aws-eks"
            },
            "tags_all": {
              "Environment": "test",
              "GithubOrg": "terraform-aws-modules",
              "GithubRepo": "terraform-aws-eks"
            },
            "unique_id": "AIPAZLNCXJK4XM5LFSUAC"
          },
          "sensitive_attributes": [],
          "private": "bnVsbA==",
          "dependencies": [
            "aws_key_pair.key_pair",
            "aws_security_group.worker_group_mgmt",
            "data.aws_availability_zones.available",
            "module.eks_cluster.aws_cloudwatch_log_group.this",
            "module.eks_cluster.aws_eks_cluster.this",
            "module.eks_cluster.aws_iam_role.cluster",
            "module.eks_cluster.aws_iam_role.workers",
            "module.eks_cluster.aws_iam_role_policy_attachment.cluster_AmazonEKSClusterPolicy",
            "module.eks_cluster.aws_iam_role_policy_attachment.cluster_AmazonEKSServicePolicy",
            "module.eks_cluster.aws_iam_role_policy_attachment.cluster_AmazonEKSVPCResourceControllerPolicy",
            "module.eks_cluster.aws_security_group.cluster",
            "module.eks_cluster.aws_security_group.workers",
            "module.eks_cluster.aws_security_group_rule.cluster_egress_internet",
            "module.eks_cluster.aws_security_group_rule.cluster_https_worker_ingress",
            "module.eks_cluster.data.aws_iam_policy_document.cluster_assume_role_policy",
            "module.eks_cluster.data.aws_iam_policy_document.workers_assume_role_policy",
            "module.eks_cluster.data.aws_iam_role.custom_cluster_iam_role",
            "module.eks_cluster.data.aws_partition.current",
            "module.vpc.aws_subnet.public",
            "module.vpc.aws_vpc.this",
            "module.vpc.aws_vpc_ipv4_cidr_block_association.this",
            "random_string.suffix"
          ],
          "create_before_destroy": true
        }
      ]
    },
    {
      "module": "module.eks_cluster",
      "mode": "managed",
      "type": "aws_iam_policy",
      "name": "cluster_deny_log_group",
      "provider": "provider[\"registry.terraform.io/hashicorp/aws\"]",
      "instances": [
        {
          "index_key": 0,
          "schema_version": 0,
          "attributes": {
            "arn": "arn:aws:iam::642975746745:policy/test-eks-glCu6ahw-deny-log-group20220614020611176900000001",
            "description": "Deny CreateLogGroup",
            "id": "arn:aws:iam::642975746745:policy/test-eks-glCu6ahw-deny-log-group20220614020611176900000001",
            "name": "test-eks-glCu6ahw-deny-log-group20220614020611176900000001",
            "name_prefix": "test-eks-glCu6ahw-deny-log-group",
            "path": "/",
            "policy": "{\"Statement\":[{\"Action\":\"logs:CreateLogGroup\",\"Effect\":\"Deny\",\"Resource\":\"*\",\"Sid\":\"\"}],\"Version\":\"2012-10-17\"}",
            "policy_id": "ANPAZLNCXJK4WFANPN4M5",
            "tags": {
              "Environment": "test",
              "GithubOrg": "terraform-aws-modules",
              "GithubRepo": "terraform-aws-eks"
            },
            "tags_all": {
              "Environment": "test",
              "GithubOrg": "terraform-aws-modules",
              "GithubRepo": "terraform-aws-eks"
            }
          },
          "sensitive_attributes": [],
          "private": "bnVsbA==",
          "dependencies": [
            "module.eks_cluster.data.aws_iam_policy_document.cluster_deny_log_group",
            "random_string.suffix"
          ]
        }
      ]
    },
    {
      "module": "module.eks_cluster",
      "mode": "managed",
      "type": "aws_iam_policy",
      "name": "cluster_elb_sl_role_creation",
      "provider": "provider[\"registry.terraform.io/hashicorp/aws\"]",
      "instances": [
        {
          "index_key": 0,
          "schema_version": 0,
          "attributes": {
            "arn": "arn:aws:iam::642975746745:policy/test-eks-glCu6ahw-elb-sl-role-creation20220614020611176900000002",
            "description": "Permissions for EKS to create AWSServiceRoleForElasticLoadBalancing service-linked role",
            "id": "arn:aws:iam::642975746745:policy/test-eks-glCu6ahw-elb-sl-role-creation20220614020611176900000002",
            "name": "test-eks-glCu6ahw-elb-sl-role-creation20220614020611176900000002",
            "name_prefix": "test-eks-glCu6ahw-elb-sl-role-creation",
            "path": "/",
            "policy": "{\"Statement\":[{\"Action\":[\"ec2:DescribeInternetGateways\",\"ec2:DescribeAddresses\",\"ec2:DescribeAccountAttributes\"],\"Effect\":\"Allow\",\"Resource\":\"*\",\"Sid\":\"\"}],\"Version\":\"2012-10-17\"}",
            "policy_id": "ANPAZLNCXJK4264XKAGHW",
            "tags": {
              "Environment": "test",
              "GithubOrg": "terraform-aws-modules",
              "GithubRepo": "terraform-aws-eks"
            },
            "tags_all": {
              "Environment": "test",
              "GithubOrg": "terraform-aws-modules",
              "GithubRepo": "terraform-aws-eks"
            }
          },
          "sensitive_attributes": [],
          "private": "bnVsbA==",
          "dependencies": [
            "module.eks_cluster.data.aws_iam_policy_document.cluster_elb_sl_role_creation",
            "random_string.suffix"
          ]
        }
      ]
    },
    {
      "module": "module.eks_cluster",
      "mode": "managed",
      "type": "aws_iam_role",
      "name": "cluster",
      "provider": "provider[\"registry.terraform.io/hashicorp/aws\"]",
      "instances": [
        {
          "index_key": 0,
          "schema_version": 0,
          "attributes": {
            "arn": "arn:aws:iam::642975746745:role/test-eks-glCu6ahw20220614020611177100000003",
            "assume_role_policy": "{\"Version\":\"2012-10-17\",\"Statement\":[{\"Sid\":\"EKSClusterAssumeRole\",\"Effect\":\"Allow\",\"Principal\":{\"Service\":\"eks.amazonaws.com\"},\"Action\":\"sts:AssumeRole\"}]}",
            "create_date": "2022-06-14T02:06:11Z",
            "description": "",
            "force_detach_policies": true,
            "id": "test-eks-glCu6ahw20220614020611177100000003",
            "inline_policy": [
              {
                "name": "",
                "policy": ""
              }
            ],
            "managed_policy_arns": [],
            "max_session_duration": 3600,
            "name": "test-eks-glCu6ahw20220614020611177100000003",
            "name_prefix": "test-eks-glCu6ahw",
            "path": "/",
            "permissions_boundary": null,
            "tags": {
              "Environment": "test",
              "GithubOrg": "terraform-aws-modules",
              "GithubRepo": "terraform-aws-eks"
            },
            "tags_all": {
              "Environment": "test",
              "GithubOrg": "terraform-aws-modules",
              "GithubRepo": "terraform-aws-eks"
            },
            "unique_id": "AROAZLNCXJK4VI6RR36ZW"
          },
          "sensitive_attributes": [],
          "private": "bnVsbA==",
          "dependencies": [
            "module.eks_cluster.data.aws_iam_policy_document.cluster_assume_role_policy",
            "random_string.suffix"
          ],
          "create_before_destroy": true
        }
      ]
    },
    {
      "module": "module.eks_cluster",
      "mode": "managed",
      "type": "aws_iam_role",
      "name": "workers",
      "provider": "provider[\"registry.terraform.io/hashicorp/aws\"]",
      "instances": [
        {
          "index_key": 0,
          "schema_version": 0,
          "attributes": {
            "arn": "arn:aws:iam::642975746745:role/test-eks-glCu6ahw2022061402164295590000000d",
            "assume_role_policy": "{\"Version\":\"2012-10-17\",\"Statement\":[{\"Sid\":\"EKSWorkerAssumeRole\",\"Effect\":\"Allow\",\"Principal\":{\"Service\":\"ec2.amazonaws.com\"},\"Action\":\"sts:AssumeRole\"}]}",
            "create_date": "2022-06-14T02:16:43Z",
            "description": "",
            "force_detach_policies": true,
            "id": "test-eks-glCu6ahw2022061402164295590000000d",
            "inline_policy": [
              {
                "name": "",
                "policy": ""
              }
            ],
            "managed_policy_arns": [],
            "max_session_duration": 3600,
            "name": "test-eks-glCu6ahw2022061402164295590000000d",
            "name_prefix": "test-eks-glCu6ahw",
            "path": "/",
            "permissions_boundary": null,
            "tags": {
              "Environment": "test",
              "GithubOrg": "terraform-aws-modules",
              "GithubRepo": "terraform-aws-eks"
            },
            "tags_all": {
              "Environment": "test",
              "GithubOrg": "terraform-aws-modules",
              "GithubRepo": "terraform-aws-eks"
            },
            "unique_id": "AROAZLNCXJK4TH6ZYEROA"
          },
          "sensitive_attributes": [],
          "private": "bnVsbA==",
          "dependencies": [
            "data.aws_availability_zones.available",
            "module.eks_cluster.aws_cloudwatch_log_group.this",
            "module.eks_cluster.aws_eks_cluster.this",
            "module.eks_cluster.aws_iam_role.cluster",
            "module.eks_cluster.aws_iam_role_policy_attachment.cluster_AmazonEKSClusterPolicy",
            "module.eks_cluster.aws_iam_role_policy_attachment.cluster_AmazonEKSServicePolicy",
            "module.eks_cluster.aws_iam_role_policy_attachment.cluster_AmazonEKSVPCResourceControllerPolicy",
            "module.eks_cluster.aws_security_group.cluster",
            "module.eks_cluster.aws_security_group.workers",
            "module.eks_cluster.aws_security_group_rule.cluster_egress_internet",
            "module.eks_cluster.aws_security_group_rule.cluster_https_worker_ingress",
            "module.eks_cluster.data.aws_iam_policy_document.cluster_assume_role_policy",
            "module.eks_cluster.data.aws_iam_policy_document.workers_assume_role_policy",
            "module.eks_cluster.data.aws_iam_role.custom_cluster_iam_role",
            "module.eks_cluster.data.aws_partition.current",
            "module.vpc.aws_subnet.public",
            "module.vpc.aws_vpc.this",
            "module.vpc.aws_vpc_ipv4_cidr_block_association.this",
            "random_string.suffix"
          ],
          "create_before_destroy": true
        }
      ]
    },
    {
      "module": "module.eks_cluster",
      "mode": "managed",
      "type": "aws_iam_role_policy_attachment",
      "name": "cluster_AmazonEKSClusterPolicy",
      "provider": "provider[\"registry.terraform.io/hashicorp/aws\"]",
      "instances": [
        {
          "index_key": 0,
          "schema_version": 0,
          "attributes": {
            "id": "test-eks-glCu6ahw20220614020611177100000003-20220614020613507000000008",
            "policy_arn": "arn:aws:iam::aws:policy/AmazonEKSClusterPolicy",
            "role": "test-eks-glCu6ahw20220614020611177100000003"
          },
          "sensitive_attributes": [],
          "private": "bnVsbA==",
          "dependencies": [
            "module.eks_cluster.aws_iam_role.cluster",
            "module.eks_cluster.data.aws_iam_policy_document.cluster_assume_role_policy",
            "module.eks_cluster.data.aws_partition.current",
            "random_string.suffix"
          ],
          "create_before_destroy": true
        }
      ]
    },
    {
      "module": "module.eks_cluster",
      "mode": "managed",
      "type": "aws_iam_role_policy_attachment",
      "name": "cluster_AmazonEKSServicePolicy",
      "provider": "provider[\"registry.terraform.io/hashicorp/aws\"]",
      "instances": [
        {
          "index_key": 0,
          "schema_version": 0,
          "attributes": {
            "id": "test-eks-glCu6ahw20220614020611177100000003-20220614020613490900000005",
            "policy_arn": "arn:aws:iam::aws:policy/AmazonEKSServicePolicy",
            "role": "test-eks-glCu6ahw20220614020611177100000003"
          },
          "sensitive_attributes": [],
          "private": "bnVsbA==",
          "dependencies": [
            "module.eks_cluster.aws_iam_role.cluster",
            "module.eks_cluster.data.aws_iam_policy_document.cluster_assume_role_policy",
            "module.eks_cluster.data.aws_partition.current",
            "random_string.suffix"
          ],
          "create_before_destroy": true
        }
      ]
    },
    {
      "module": "module.eks_cluster",
      "mode": "managed",
      "type": "aws_iam_role_policy_attachment",
      "name": "cluster_AmazonEKSVPCResourceControllerPolicy",
      "provider": "provider[\"registry.terraform.io/hashicorp/aws\"]",
      "instances": [
        {
          "index_key": 0,
          "schema_version": 0,
          "attributes": {
            "id": "test-eks-glCu6ahw20220614020611177100000003-20220614020613494000000007",
            "policy_arn": "arn:aws:iam::aws:policy/AmazonEKSVPCResourceController",
            "role": "test-eks-glCu6ahw20220614020611177100000003"
          },
          "sensitive_attributes": [],
          "private": "bnVsbA==",
          "dependencies": [
            "module.eks_cluster.aws_iam_role.cluster",
            "module.eks_cluster.data.aws_iam_policy_document.cluster_assume_role_policy",
            "module.eks_cluster.data.aws_partition.current",
            "random_string.suffix"
          ],
          "create_before_destroy": true
        }
      ]
    },
    {
      "module": "module.eks_cluster",
      "mode": "managed",
      "type": "aws_iam_role_policy_attachment",
      "name": "cluster_deny_log_group",
      "provider": "provider[\"registry.terraform.io/hashicorp/aws\"]",
      "instances": [
        {
          "index_key": 0,
          "schema_version": 0,
          "attributes": {
            "id": "test-eks-glCu6ahw20220614020611177100000003-20220614020613490900000006",
            "policy_arn": "arn:aws:iam::642975746745:policy/test-eks-glCu6ahw-deny-log-group20220614020611176900000001",
            "role": "test-eks-glCu6ahw20220614020611177100000003"
          },
          "sensitive_attributes": [],
          "private": "bnVsbA==",
          "dependencies": [
            "module.eks_cluster.aws_iam_policy.cluster_deny_log_group",
            "module.eks_cluster.aws_iam_role.cluster",
            "module.eks_cluster.data.aws_iam_policy_document.cluster_assume_role_policy",
            "module.eks_cluster.data.aws_iam_policy_document.cluster_deny_log_group",
            "random_string.suffix"
          ]
        }
      ]
    },
    {
      "module": "module.eks_cluster",
      "mode": "managed",
      "type": "aws_iam_role_policy_attachment",
      "name": "cluster_elb_sl_role_creation",
      "provider": "provider[\"registry.terraform.io/hashicorp/aws\"]",
      "instances": [
        {
          "index_key": 0,
          "schema_version": 0,
          "attributes": {
            "id": "test-eks-glCu6ahw20220614020611177100000003-20220614020613487500000004",
            "policy_arn": "arn:aws:iam::642975746745:policy/test-eks-glCu6ahw-elb-sl-role-creation20220614020611176900000002",
            "role": "test-eks-glCu6ahw20220614020611177100000003"
          },
          "sensitive_attributes": [],
          "private": "bnVsbA==",
          "dependencies": [
            "module.eks_cluster.aws_iam_policy.cluster_elb_sl_role_creation",
            "module.eks_cluster.aws_iam_role.cluster",
            "module.eks_cluster.data.aws_iam_policy_document.cluster_assume_role_policy",
            "module.eks_cluster.data.aws_iam_policy_document.cluster_elb_sl_role_creation",
            "random_string.suffix"
          ]
        }
      ]
    },
    {
      "module": "module.eks_cluster",
      "mode": "managed",
      "type": "aws_iam_role_policy_attachment",
      "name": "workers_AmazonEC2ContainerRegistryReadOnly",
      "provider": "provider[\"registry.terraform.io/hashicorp/aws\"]",
      "instances": [
        {
          "index_key": 0,
          "schema_version": 0,
          "attributes": {
            "id": "test-eks-glCu6ahw2022061402164295590000000d-20220614021645191500000010",
            "policy_arn": "arn:aws:iam::aws:policy/AmazonEC2ContainerRegistryReadOnly",
            "role": "test-eks-glCu6ahw2022061402164295590000000d"
          },
          "sensitive_attributes": [],
          "private": "bnVsbA==",
          "dependencies": [
            "data.aws_availability_zones.available",
            "module.eks_cluster.aws_cloudwatch_log_group.this",
            "module.eks_cluster.aws_eks_cluster.this",
            "module.eks_cluster.aws_iam_role.cluster",
            "module.eks_cluster.aws_iam_role.workers",
            "module.eks_cluster.aws_iam_role_policy_attachment.cluster_AmazonEKSClusterPolicy",
            "module.eks_cluster.aws_iam_role_policy_attachment.cluster_AmazonEKSServicePolicy",
            "module.eks_cluster.aws_iam_role_policy_attachment.cluster_AmazonEKSVPCResourceControllerPolicy",
            "module.eks_cluster.aws_security_group.cluster",
            "module.eks_cluster.aws_security_group.workers",
            "module.eks_cluster.aws_security_group_rule.cluster_egress_internet",
            "module.eks_cluster.aws_security_group_rule.cluster_https_worker_ingress",
            "module.eks_cluster.data.aws_iam_policy_document.cluster_assume_role_policy",
            "module.eks_cluster.data.aws_iam_policy_document.workers_assume_role_policy",
            "module.eks_cluster.data.aws_iam_role.custom_cluster_iam_role",
            "module.eks_cluster.data.aws_partition.current",
            "module.vpc.aws_subnet.public",
            "module.vpc.aws_vpc.this",
            "module.vpc.aws_vpc_ipv4_cidr_block_association.this",
            "random_string.suffix"
          ],
          "create_before_destroy": true
        }
      ]
    },
    {
      "module": "module.eks_cluster",
      "mode": "managed",
      "type": "aws_iam_role_policy_attachment",
      "name": "workers_AmazonEKSWorkerNodePolicy",
      "provider": "provider[\"registry.terraform.io/hashicorp/aws\"]",
      "instances": [
        {
          "index_key": 0,
          "schema_version": 0,
          "attributes": {
            "id": "test-eks-glCu6ahw2022061402164295590000000d-20220614021645191500000011",
            "policy_arn": "arn:aws:iam::aws:policy/AmazonEKSWorkerNodePolicy",
            "role": "test-eks-glCu6ahw2022061402164295590000000d"
          },
          "sensitive_attributes": [],
          "private": "bnVsbA==",
          "dependencies": [
            "data.aws_availability_zones.available",
            "module.eks_cluster.aws_cloudwatch_log_group.this",
            "module.eks_cluster.aws_eks_cluster.this",
            "module.eks_cluster.aws_iam_role.cluster",
            "module.eks_cluster.aws_iam_role.workers",
            "module.eks_cluster.aws_iam_role_policy_attachment.cluster_AmazonEKSClusterPolicy",
            "module.eks_cluster.aws_iam_role_policy_attachment.cluster_AmazonEKSServicePolicy",
            "module.eks_cluster.aws_iam_role_policy_attachment.cluster_AmazonEKSVPCResourceControllerPolicy",
            "module.eks_cluster.aws_security_group.cluster",
            "module.eks_cluster.aws_security_group.workers",
            "module.eks_cluster.aws_security_group_rule.cluster_egress_internet",
            "module.eks_cluster.aws_security_group_rule.cluster_https_worker_ingress",
            "module.eks_cluster.data.aws_iam_policy_document.cluster_assume_role_policy",
            "module.eks_cluster.data.aws_iam_policy_document.workers_assume_role_policy",
            "module.eks_cluster.data.aws_iam_role.custom_cluster_iam_role",
            "module.eks_cluster.data.aws_partition.current",
            "module.vpc.aws_subnet.public",
            "module.vpc.aws_vpc.this",
            "module.vpc.aws_vpc_ipv4_cidr_block_association.this",
            "random_string.suffix"
          ],
          "create_before_destroy": true
        }
      ]
    },
    {
      "module": "module.eks_cluster",
      "mode": "managed",
      "type": "aws_iam_role_policy_attachment",
      "name": "workers_AmazonEKS_CNI_Policy",
      "provider": "provider[\"registry.terraform.io/hashicorp/aws\"]",
      "instances": [
        {
          "index_key": 0,
          "schema_version": 0,
          "attributes": {
            "id": "test-eks-glCu6ahw2022061402164295590000000d-2022061402164516100000000f",
            "policy_arn": "arn:aws:iam::aws:policy/AmazonEKS_CNI_Policy",
            "role": "test-eks-glCu6ahw2022061402164295590000000d"
          },
          "sensitive_attributes": [],
          "private": "bnVsbA==",
          "dependencies": [
            "data.aws_availability_zones.available",
            "module.eks_cluster.aws_cloudwatch_log_group.this",
            "module.eks_cluster.aws_eks_cluster.this",
            "module.eks_cluster.aws_iam_role.cluster",
            "module.eks_cluster.aws_iam_role.workers",
            "module.eks_cluster.aws_iam_role_policy_attachment.cluster_AmazonEKSClusterPolicy",
            "module.eks_cluster.aws_iam_role_policy_attachment.cluster_AmazonEKSServicePolicy",
            "module.eks_cluster.aws_iam_role_policy_attachment.cluster_AmazonEKSVPCResourceControllerPolicy",
            "module.eks_cluster.aws_security_group.cluster",
            "module.eks_cluster.aws_security_group.workers",
            "module.eks_cluster.aws_security_group_rule.cluster_egress_internet",
            "module.eks_cluster.aws_security_group_rule.cluster_https_worker_ingress",
            "module.eks_cluster.data.aws_iam_policy_document.cluster_assume_role_policy",
            "module.eks_cluster.data.aws_iam_policy_document.workers_assume_role_policy",
            "module.eks_cluster.data.aws_iam_role.custom_cluster_iam_role",
            "module.eks_cluster.data.aws_partition.current",
            "module.vpc.aws_subnet.public",
            "module.vpc.aws_vpc.this",
            "module.vpc.aws_vpc_ipv4_cidr_block_association.this",
            "random_string.suffix"
          ],
          "create_before_destroy": true
        }
      ]
    },
    {
      "module": "module.eks_cluster",
      "mode": "managed",
      "type": "aws_launch_configuration",
      "name": "workers",
      "provider": "provider[\"registry.terraform.io/hashicorp/aws\"]",
      "instances": [
        {
          "index_key": 0,
          "schema_version": 0,
          "attributes": {
            "arn": "arn:aws:autoscaling:us-east-1:642975746745:launchConfiguration:26e1dbbd-664d-47cf-be4f-85dd4c92c5c5:launchConfigurationName/test-eks-glCu6ahw-020220614021646389400000012",
            "associate_public_ip_address": true,
            "ebs_block_device": [],
            "ebs_optimized": true,
            "enable_monitoring": true,
            "ephemeral_block_device": [],
            "iam_instance_profile": "test-eks-glCu6ahw2022061402164481350000000e",
            "id": "test-eks-glCu6ahw-020220614021646389400000012",
            "image_id": "ami-0486cafbb8f4a618e",
            "instance_type": "r5.4xlarge",
            "key_name": "key_pair_eksglCu6ahw",
            "metadata_options": [
              {
                "http_endpoint": "enabled",
                "http_put_response_hop_limit": 1,
                "http_tokens": "optional"
              }
            ],
            "name": "test-eks-glCu6ahw-020220614021646389400000012",
            "name_prefix": "test-eks-glCu6ahw-0",
            "placement_tenancy": "",
            "root_block_device": [
              {
                "delete_on_termination": true,
                "encrypted": false,
                "iops": 0,
                "throughput": 0,
                "volume_size": 256,
                "volume_type": "gp2"
              }
            ],
            "security_groups": [
              "sg-01e6b3b2dbf98086b",
              "sg-02757c2d4ef5b87df",
              "sg-02d54c6cc9245ba68"
            ],
            "spot_price": "1",
            "user_data": null,
            "user_data_base64": "IyEvYmluL2Jhc2ggLWUKCiMgQWxsb3cgdXNlciBzdXBwbGllZCBwcmUgdXNlcmRhdGEgY29kZQoKCiMgQm9vdHN0cmFwIGFuZCBqb2luIHRoZSBjbHVzdGVyCi9ldGMvZWtzL2Jvb3RzdHJhcC5zaCAtLWI2NC1jbHVzdGVyLWNhICdMUzB0TFMxQ1JVZEpUaUJEUlZKVVNVWkpRMEZVUlMwdExTMHRDazFKU1VNMWVrTkRRV01yWjBGM1NVSkJaMGxDUVVSQlRrSm5hM0ZvYTJsSE9YY3dRa0ZSYzBaQlJFRldUVkpOZDBWUldVUldVVkZFUlhkd2NtUlhTbXdLWTIwMWJHUkhWbnBOUWpSWVJGUkplVTFFV1hoT1JFRjVUVlJKTUU1R2IxaEVWRTE1VFVSWmVFMVVRWGxOVkVrd1RrWnZkMFpVUlZSTlFrVkhRVEZWUlFwQmVFMUxZVE5XYVZwWVNuVmFXRkpzWTNwRFEwRlRTWGRFVVZsS1MyOWFTV2gyWTA1QlVVVkNRbEZCUkdkblJWQkJSRU5EUVZGdlEyZG5SVUpCU25wdUNrbFNOa1ptVm5WRVkzUXdiWFl6VkN0SWIzZHVSM0pzZVdSRFJWRllTVmhWYjNCUWIwWm9aR0ZCUzFKTVdrdHNUbnBXWVZOSGFTdG5iak5VYjFadVRtZ0tTV1pHVFVKSlltVlFZMDVpVHpoQmEzcEVTMWhMZHpGelRsUlRZMjV6Tld0UVoyOVJSbGt5TTFGWlNYRXpPVlJyVjJKME1uWXJRVmx4ZW1oR1VtdEdaQW8zVDFFdlZHVlZhRkpPWTNGNmVtaERSM2RSVTFZMU9FVkpjQzlsVVVwU1pXbFhVelpqYVRGbVJXdHZVMnhXTm1OdVpUUkNSamxtUkVJNE5ucG1VMWhWQ21NMVFuZFRPWE5yYVhKcVoxWnNSRWR0U2twcWIxVjRjRFEyUlhaYWF6SkJObTVDUTNoVk1VdHFZV28zUW5aU1ZISjFZbEJZYTB4VWRrcFJRelZZTkhrS2MwOTJUMWRvTDB0V1pYVkRaamR1WVUxd2QzUk1hVGRUVURSS2MxbG1Ua2xLUTB4cFlsaFZZVU5KTlVwYVIzbHlkazlHTVVOa2FURmhkSEJaTm05dVlncFRRMUpZZUVWUE1sVXhkalpRZUV4b1NqWnJRMEYzUlVGQllVNURUVVZCZDBSbldVUldVakJRUVZGSUwwSkJVVVJCWjB0clRVRTRSMEV4VldSRmQwVkNDaTkzVVVaTlFVMUNRV1k0ZDBoUldVUldVakJQUWtKWlJVWkJVV0ozWW1GUE9XeFJVR0ZtZDBSVlRIVjFVM1ZhWTI5WmJsSk5RVEJIUTFOeFIxTkpZak1LUkZGRlFrTjNWVUZCTkVsQ1FWRkNjbGMzYjBZeFZVdDNjRFJSVm1wek5uTlZTM05TYUdZME9GWjVUMmwzTm01TlNERldWMjRyYTJ0T09VaFJNa2xoTVFwVWRrUmtiVTlaT1NzNFQyWkxiVFpJYUM5dFNtaDBhM3BFWmt0SlpsWjRkMlppVDJGUWNsVm5PV0Z1ZFVkVU4zZzNSMDlvYTJJd1RYSldaRzFpU0ZOR0NrUkNiRkUyUkd0cWQwNVVSbTVFYW5SUE0wMDJlVUp6UkdabFJHVTFRWGhCWW5FMVRHSkNZa1ZwTkdoMmJreDJkMEozWTBsNmRuTjZPWEpCUTBGb1dtY0tRakZJWjNKNGRsSnFXRGh2T0dVNVQwODJPVXh3TkRsYWEycDZNbFZsTUdOdVJEVjNiR00wVFdGb1ppOTBUa1pEZUV4RVJXRlFhVVZNT0RkNVdFZExhUW8zUlZaaWEzUm1VbGxMWlRad1VYWlVSWFpUT0hKaVpFTktkME5MZFRaRGEzSkVNalVyVDNBeFowcE1WVzE0ZDNWUlYzQTBUVFZ5UmxObVZFRXJibEpWQ21JMlducG9lRGR5VFZnNE5uVkxPVGRzTlhGMGFEQnVXRGhOU0ZNemVqQTNNMmcyUmdvdExTMHRMVVZPUkNCRFJWSlVTVVpKUTBGVVJTMHRMUzB0Q2c9PScgLS1hcGlzZXJ2ZXItZW5kcG9pbnQgJ2h0dHBzOi8vQTZBNjYwQkJCMkE5MDBGNEU4QzQzQ0E2QzNCODBENjguZ3I3LnVzLWVhc3QtMS5la3MuYW1hem9uYXdzLmNvbScgIC0ta3ViZWxldC1leHRyYS1hcmdzICItLW5vZGUtbGFiZWxzPW5vZGUua3ViZXJuZXRlcy5pby9saWZlY3ljbGU9c3BvdCIgJ3Rlc3QtZWtzLWdsQ3U2YWh3JwoKIyBBbGxvdyB1c2VyIHN1cHBsaWVkIHVzZXJkYXRhIGNvZGUKZWNobyBmb28gYmFyCg==",
            "vpc_classic_link_id": "",
            "vpc_classic_link_security_groups": null
          },
          "sensitive_attributes": [],
          "private": "bnVsbA==",
          "dependencies": [
            "aws_key_pair.key_pair",
            "aws_security_group.all_worker_mgmt",
            "aws_security_group.worker_group_mgmt",
            "data.aws_availability_zones.available",
            "module.eks_cluster.aws_cloudwatch_log_group.this",
            "module.eks_cluster.aws_eks_cluster.this",
            "module.eks_cluster.aws_iam_instance_profile.workers",
            "module.eks_cluster.aws_iam_role.cluster",
            "module.eks_cluster.aws_iam_role.workers",
            "module.eks_cluster.aws_iam_role_policy_attachment.cluster_AmazonEKSClusterPolicy",
            "module.eks_cluster.aws_iam_role_policy_attachment.cluster_AmazonEKSServicePolicy",
            "module.eks_cluster.aws_iam_role_policy_attachment.cluster_AmazonEKSVPCResourceControllerPolicy",
            "module.eks_cluster.aws_iam_role_policy_attachment.workers_AmazonEC2ContainerRegistryReadOnly",
            "module.eks_cluster.aws_iam_role_policy_attachment.workers_AmazonEKSWorkerNodePolicy",
            "module.eks_cluster.aws_iam_role_policy_attachment.workers_AmazonEKS_CNI_Policy",
            "module.eks_cluster.aws_iam_role_policy_attachment.workers_additional_policies",
            "module.eks_cluster.aws_security_group.cluster",
            "module.eks_cluster.aws_security_group.workers",
            "module.eks_cluster.aws_security_group_rule.cluster_egress_internet",
            "module.eks_cluster.aws_security_group_rule.cluster_https_worker_ingress",
            "module.eks_cluster.aws_security_group_rule.cluster_primary_ingress_workers",
            "module.eks_cluster.aws_security_group_rule.workers_egress_internet",
            "module.eks_cluster.aws_security_group_rule.workers_ingress_cluster",
            "module.eks_cluster.aws_security_group_rule.workers_ingress_cluster_https",
            "module.eks_cluster.aws_security_group_rule.workers_ingress_cluster_kubelet",
            "module.eks_cluster.aws_security_group_rule.workers_ingress_cluster_primary",
            "module.eks_cluster.aws_security_group_rule.workers_ingress_self",
            "module.eks_cluster.data.aws_ami.eks_worker",
            "module.eks_cluster.data.aws_ami.eks_worker_windows",
            "module.eks_cluster.data.aws_iam_instance_profile.custom_worker_group_iam_instance_profile",
            "module.eks_cluster.data.aws_iam_policy_document.cluster_assume_role_policy",
            "module.eks_cluster.data.aws_iam_policy_document.workers_assume_role_policy",
            "module.eks_cluster.data.aws_iam_role.custom_cluster_iam_role",
            "module.eks_cluster.data.aws_partition.current",
            "module.vpc.aws_subnet.public",
            "module.vpc.aws_vpc.this",
            "module.vpc.aws_vpc_ipv4_cidr_block_association.this",
            "random_string.suffix"
          ],
          "create_before_destroy": true
        }
      ]
    },
    {
      "module": "module.eks_cluster",
      "mode": "managed",
      "type": "aws_security_group",
      "name": "cluster",
      "provider": "provider[\"registry.terraform.io/hashicorp/aws\"]",
      "instances": [
        {
          "index_key": 0,
          "schema_version": 1,
          "attributes": {
            "arn": "arn:aws:ec2:us-east-1:642975746745:security-group/sg-0ca183a44d4e59116",
            "description": "EKS cluster security group.",
            "egress": [],
            "id": "sg-0ca183a44d4e59116",
            "ingress": [],
            "name": "test-eks-glCu6ahw2022061402062848710000000c",
            "name_prefix": "test-eks-glCu6ahw",
            "owner_id": "642975746745",
            "revoke_rules_on_delete": false,
            "tags": {
              "Environment": "test",
              "GithubOrg": "terraform-aws-modules",
              "GithubRepo": "terraform-aws-eks",
              "Name": "test-eks-glCu6ahw-eks_cluster_sg"
            },
            "tags_all": {
              "Environment": "test",
              "GithubOrg": "terraform-aws-modules",
              "GithubRepo": "terraform-aws-eks",
              "Name": "test-eks-glCu6ahw-eks_cluster_sg"
            },
            "timeouts": null,
            "vpc_id": "vpc-01b8e9981e1a6a2fc"
          },
          "sensitive_attributes": [],
          "private": "eyJlMmJmYjczMC1lY2FhLTExZTYtOGY4OC0zNDM2M2JjN2M0YzAiOnsiY3JlYXRlIjo2MDAwMDAwMDAwMDAsImRlbGV0ZSI6OTAwMDAwMDAwMDAwfSwic2NoZW1hX3ZlcnNpb24iOiIxIn0=",
          "dependencies": [
            "module.vpc.aws_vpc.this",
            "random_string.suffix"
          ],
          "create_before_destroy": true
        }
      ]
    },
    {
      "module": "module.eks_cluster",
      "mode": "managed",
      "type": "aws_security_group",
      "name": "workers",
      "provider": "provider[\"registry.terraform.io/hashicorp/aws\"]",
      "instances": [
        {
          "index_key": 0,
          "schema_version": 1,
          "attributes": {
            "arn": "arn:aws:ec2:us-east-1:642975746745:security-group/sg-02757c2d4ef5b87df",
            "description": "Security group for all nodes in the cluster.",
            "egress": [],
            "id": "sg-02757c2d4ef5b87df",
            "ingress": [],
            "name": "test-eks-glCu6ahw2022061402062846170000000b",
            "name_prefix": "test-eks-glCu6ahw",
            "owner_id": "642975746745",
            "revoke_rules_on_delete": false,
            "tags": {
              "Environment": "test",
              "GithubOrg": "terraform-aws-modules",
              "GithubRepo": "terraform-aws-eks",
              "Name": "test-eks-glCu6ahw-eks_worker_sg",
              "kubernetes.io/cluster/test-eks-glCu6ahw": "owned"
            },
            "tags_all": {
              "Environment": "test",
              "GithubOrg": "terraform-aws-modules",
              "GithubRepo": "terraform-aws-eks",
              "Name": "test-eks-glCu6ahw-eks_worker_sg",
              "kubernetes.io/cluster/test-eks-glCu6ahw": "owned"
            },
            "timeouts": null,
            "vpc_id": "vpc-01b8e9981e1a6a2fc"
          },
          "sensitive_attributes": [],
          "private": "eyJlMmJmYjczMC1lY2FhLTExZTYtOGY4OC0zNDM2M2JjN2M0YzAiOnsiY3JlYXRlIjo2MDAwMDAwMDAwMDAsImRlbGV0ZSI6OTAwMDAwMDAwMDAwfSwic2NoZW1hX3ZlcnNpb24iOiIxIn0=",
          "dependencies": [
            "module.vpc.aws_vpc.this",
            "random_string.suffix"
          ],
          "create_before_destroy": true
        }
      ]
    },
    {
      "module": "module.eks_cluster",
      "mode": "managed",
      "type": "aws_security_group_rule",
      "name": "cluster_egress_internet",
      "provider": "provider[\"registry.terraform.io/hashicorp/aws\"]",
      "instances": [
        {
          "index_key": 0,
          "schema_version": 2,
          "attributes": {
            "cidr_blocks": [
              "0.0.0.0/0"
            ],
            "description": "Allow cluster egress access to the Internet.",
            "from_port": 0,
            "id": "sgrule-114873674",
            "ipv6_cidr_blocks": null,
            "prefix_list_ids": null,
            "protocol": "-1",
            "security_group_id": "sg-0ca183a44d4e59116",
            "self": false,
            "source_security_group_id": null,
            "to_port": 0,
            "type": "egress"
          },
          "sensitive_attributes": [],
          "private": "eyJzY2hlbWFfdmVyc2lvbiI6IjIifQ==",
          "dependencies": [
            "module.eks_cluster.aws_security_group.cluster",
            "module.vpc.aws_vpc.this",
            "random_string.suffix"
          ],
          "create_before_destroy": true
        }
      ]
    },
    {
      "module": "module.eks_cluster",
      "mode": "managed",
      "type": "aws_security_group_rule",
      "name": "cluster_https_worker_ingress",
      "provider": "provider[\"registry.terraform.io/hashicorp/aws\"]",
      "instances": [
        {
          "index_key": 0,
          "schema_version": 2,
          "attributes": {
            "cidr_blocks": null,
            "description": "Allow pods to communicate with the EKS cluster API.",
            "from_port": 443,
            "id": "sgrule-626093972",
            "ipv6_cidr_blocks": null,
            "prefix_list_ids": null,
            "protocol": "tcp",
            "security_group_id": "sg-0ca183a44d4e59116",
            "self": false,
            "source_security_group_id": "sg-02757c2d4ef5b87df",
            "to_port": 443,
            "type": "ingress"
          },
          "sensitive_attributes": [],
          "private": "eyJzY2hlbWFfdmVyc2lvbiI6IjIifQ==",
          "dependencies": [
            "module.eks_cluster.aws_security_group.cluster",
            "module.eks_cluster.aws_security_group.workers",
            "module.vpc.aws_vpc.this",
            "random_string.suffix"
          ],
          "create_before_destroy": true
        }
      ]
    },
    {
      "module": "module.eks_cluster",
      "mode": "managed",
      "type": "aws_security_group_rule",
      "name": "workers_egress_internet",
      "provider": "provider[\"registry.terraform.io/hashicorp/aws\"]",
      "instances": [
        {
          "index_key": 0,
          "schema_version": 2,
          "attributes": {
            "cidr_blocks": [
              "0.0.0.0/0"
            ],
            "description": "Allow nodes all egress to the Internet.",
            "from_port": 0,
            "id": "sgrule-3649860950",
            "ipv6_cidr_blocks": null,
            "prefix_list_ids": null,
            "protocol": "-1",
            "security_group_id": "sg-02757c2d4ef5b87df",
            "self": false,
            "source_security_group_id": null,
            "to_port": 0,
            "type": "egress"
          },
          "sensitive_attributes": [],
          "private": "eyJzY2hlbWFfdmVyc2lvbiI6IjIifQ==",
          "dependencies": [
            "module.eks_cluster.aws_security_group.workers",
            "module.vpc.aws_vpc.this",
            "random_string.suffix"
          ],
          "create_before_destroy": true
        }
      ]
    },
    {
      "module": "module.eks_cluster",
      "mode": "managed",
      "type": "aws_security_group_rule",
      "name": "workers_ingress_cluster",
      "provider": "provider[\"registry.terraform.io/hashicorp/aws\"]",
      "instances": [
        {
          "index_key": 0,
          "schema_version": 2,
          "attributes": {
            "cidr_blocks": null,
            "description": "Allow workers pods to receive communication from the cluster control plane.",
            "from_port": 1025,
            "id": "sgrule-3683783348",
            "ipv6_cidr_blocks": null,
            "prefix_list_ids": null,
            "protocol": "tcp",
            "security_group_id": "sg-02757c2d4ef5b87df",
            "self": false,
            "source_security_group_id": "sg-0ca183a44d4e59116",
            "to_port": 65535,
            "type": "ingress"
          },
          "sensitive_attributes": [],
          "private": "eyJzY2hlbWFfdmVyc2lvbiI6IjIifQ==",
          "dependencies": [
            "module.eks_cluster.aws_security_group.cluster",
            "module.eks_cluster.aws_security_group.workers",
            "module.vpc.aws_vpc.this",
            "random_string.suffix"
          ],
          "create_before_destroy": true
        }
      ]
    },
    {
      "module": "module.eks_cluster",
      "mode": "managed",
      "type": "aws_security_group_rule",
      "name": "workers_ingress_cluster_https",
      "provider": "provider[\"registry.terraform.io/hashicorp/aws\"]",
      "instances": [
        {
          "index_key": 0,
          "schema_version": 2,
          "attributes": {
            "cidr_blocks": null,
            "description": "Allow pods running extension API servers on port 443 to receive communication from cluster control plane.",
            "from_port": 443,
            "id": "sgrule-3183416384",
            "ipv6_cidr_blocks": null,
            "prefix_list_ids": null,
            "protocol": "tcp",
            "security_group_id": "sg-02757c2d4ef5b87df",
            "self": false,
            "source_security_group_id": "sg-0ca183a44d4e59116",
            "to_port": 443,
            "type": "ingress"
          },
          "sensitive_attributes": [],
          "private": "eyJzY2hlbWFfdmVyc2lvbiI6IjIifQ==",
          "dependencies": [
            "module.eks_cluster.aws_security_group.cluster",
            "module.eks_cluster.aws_security_group.workers",
            "module.vpc.aws_vpc.this",
            "random_string.suffix"
          ],
          "create_before_destroy": true
        }
      ]
    },
    {
      "module": "module.eks_cluster",
      "mode": "managed",
      "type": "aws_security_group_rule",
      "name": "workers_ingress_self",
      "provider": "provider[\"registry.terraform.io/hashicorp/aws\"]",
      "instances": [
        {
          "index_key": 0,
          "schema_version": 2,
          "attributes": {
            "cidr_blocks": null,
            "description": "Allow node to communicate with each other.",
            "from_port": 0,
            "id": "sgrule-3869601631",
            "ipv6_cidr_blocks": null,
            "prefix_list_ids": null,
            "protocol": "-1",
            "security_group_id": "sg-02757c2d4ef5b87df",
            "self": false,
            "source_security_group_id": "sg-02757c2d4ef5b87df",
            "to_port": 65535,
            "type": "ingress"
          },
          "sensitive_attributes": [],
          "private": "eyJzY2hlbWFfdmVyc2lvbiI6IjIifQ==",
          "dependencies": [
            "module.eks_cluster.aws_security_group.workers",
            "module.vpc.aws_vpc.this",
            "random_string.suffix"
          ],
          "create_before_destroy": true
        }
      ]
    },
    {
      "module": "module.eks_cluster",
      "mode": "managed",
      "type": "kubernetes_config_map",
      "name": "aws_auth",
      "provider": "provider[\"registry.terraform.io/hashicorp/kubernetes\"]",
      "instances": [
        {
          "index_key": 0,
          "schema_version": 0,
          "attributes": {
            "binary_data": null,
            "data": {
              "mapAccounts": "- \"777777777777\"\n- \"888888888888\"\n",
              "mapRoles": "- \"groups\":\n  - \"system:bootstrappers\"\n  - \"system:nodes\"\n  \"rolearn\": \"arn:aws:iam::642975746745:role/test-eks-glCu6ahw2022061402164295590000000d\"\n  \"username\": \"system:node:{{EC2PrivateDNSName}}\"\n- \"groups\":\n  - \"system:masters\"\n  \"rolearn\": \"arn:aws:iam::66666666666:role/role1\"\n  \"username\": \"role1\"\n",
              "mapUsers": "- \"groups\":\n  - \"system:masters\"\n  \"userarn\": \"arn:aws:iam::66666666666:user/user1\"\n  \"username\": \"user1\"\n- \"groups\":\n  - \"system:masters\"\n  \"userarn\": \"arn:aws:iam::66666666666:user/user2\"\n  \"username\": \"user2\"\n"
            },
            "id": "kube-system/aws-auth",
            "metadata": [
              {
                "annotations": null,
                "generate_name": "",
                "generation": 0,
                "labels": {
                  "app.kubernetes.io/managed-by": "Terraform",
                  "terraform.io/module": "terraform-aws-modules.eks.aws"
                },
                "name": "aws-auth",
                "namespace": "kube-system",
                "resource_version": "763",
                "self_link": "",
                "uid": "f9467bb3-278e-4017-9a12-c09c67a6f2de"
              }
            ]
          },
          "sensitive_attributes": [],
          "private": "bnVsbA==",
          "dependencies": [
            "aws_key_pair.key_pair",
            "aws_security_group.worker_group_mgmt",
            "data.aws_availability_zones.available",
            "data.aws_eks_cluster.cluster",
            "data.aws_eks_cluster_auth.cluster",
            "module.eks_cluster.aws_cloudwatch_log_group.this",
            "module.eks_cluster.aws_eks_cluster.this",
            "module.eks_cluster.aws_iam_instance_profile.workers",
            "module.eks_cluster.aws_iam_instance_profile.workers_launch_template",
            "module.eks_cluster.aws_iam_role.cluster",
            "module.eks_cluster.aws_iam_role.workers",
            "module.eks_cluster.aws_iam_role_policy_attachment.cluster_AmazonEKSClusterPolicy",
            "module.eks_cluster.aws_iam_role_policy_attachment.cluster_AmazonEKSServicePolicy",
            "module.eks_cluster.aws_iam_role_policy_attachment.cluster_AmazonEKSVPCResourceControllerPolicy",
            "module.eks_cluster.aws_iam_role_policy_attachment.workers_AmazonEC2ContainerRegistryReadOnly",
            "module.eks_cluster.aws_iam_role_policy_attachment.workers_AmazonEKSWorkerNodePolicy",
            "module.eks_cluster.aws_iam_role_policy_attachment.workers_AmazonEKS_CNI_Policy",
            "module.eks_cluster.aws_security_group.cluster",
            "module.eks_cluster.aws_security_group.workers",
            "module.eks_cluster.aws_security_group_rule.cluster_egress_internet",
            "module.eks_cluster.aws_security_group_rule.cluster_https_worker_ingress",
            "module.eks_cluster.aws_security_group_rule.cluster_private_access_cidrs_source",
            "module.eks_cluster.aws_security_group_rule.cluster_private_access_sg_source",
            "module.eks_cluster.data.aws_ami.eks_worker",
            "module.eks_cluster.data.aws_ami.eks_worker_windows",
            "module.eks_cluster.data.aws_caller_identity.current",
            "module.eks_cluster.data.aws_iam_instance_profile.custom_worker_group_iam_instance_profile",
            "module.eks_cluster.data.aws_iam_instance_profile.custom_worker_group_launch_template_iam_instance_profile",
            "module.eks_cluster.data.aws_iam_policy_document.cluster_assume_role_policy",
            "module.eks_cluster.data.aws_iam_policy_document.workers_assume_role_policy",
            "module.eks_cluster.data.aws_iam_role.custom_cluster_iam_role",
            "module.eks_cluster.data.aws_partition.current",
            "module.eks_cluster.data.http.wait_for_cluster",
            "module.eks_cluster.module.fargate.aws_iam_role.eks_fargate_pod",
            "module.eks_cluster.module.fargate.data.aws_iam_role.custom_fargate_iam_role",
            "module.vpc.aws_subnet.public",
            "module.vpc.aws_vpc.this",
            "module.vpc.aws_vpc_ipv4_cidr_block_association.this",
            "random_string.suffix"
          ]
        }
      ]
    },
    {
      "module": "module.eks_cluster",
      "mode": "managed",
      "type": "local_file",
      "name": "kubeconfig",
      "provider": "provider[\"registry.terraform.io/hashicorp/local\"]",
      "instances": [
        {
          "index_key": 0,
          "schema_version": 0,
          "attributes": {
            "content": "apiVersion: v1\npreferences: {}\nkind: Config\n\nclusters:\n- cluster:\n    server: https://A6A660BBB2A900F4E8C43CA6C3B80D68.gr7.us-east-1.eks.amazonaws.com\n    certificate-authority-data: LS0tLS1CRUdJTiBDRVJUSUZJQ0FURS0tLS0tCk1JSUM1ekNDQWMrZ0F3SUJBZ0lCQURBTkJna3Foa2lHOXcwQkFRc0ZBREFWTVJNd0VRWURWUVFERXdwcmRXSmwKY201bGRHVnpNQjRYRFRJeU1EWXhOREF5TVRJME5Gb1hEVE15TURZeE1UQXlNVEkwTkZvd0ZURVRNQkVHQTFVRQpBeE1LYTNWaVpYSnVaWFJsY3pDQ0FTSXdEUVlKS29aSWh2Y05BUUVCQlFBRGdnRVBBRENDQVFvQ2dnRUJBSnpuCklSNkZmVnVEY3QwbXYzVCtIb3duR3JseWRDRVFYSVhVb3BQb0ZoZGFBS1JMWktsTnpWYVNHaStnbjNUb1ZuTmgKSWZGTUJJYmVQY05iTzhBa3pES1hLdzFzTlRTY25zNWtQZ29RRlkyM1FZSXEzOVRrV2J0MnYrQVlxemhGUmtGZAo3T1EvVGVVaFJOY3F6emhDR3dRU1Y1OEVJcC9lUUpSZWlXUzZjaTFmRWtvU2xWNmNuZTRCRjlmREI4NnpmU1hVCmM1QndTOXNraXJqZ1ZsREdtSkpqb1V4cDQ2RXZaazJBNm5CQ3hVMUtqYWo3QnZSVHJ1YlBYa0xUdkpRQzVYNHkKc092T1doL0tWZXVDZjduYU1wd3RMaTdTUDRKc1lmTklKQ0xpYlhVYUNJNUpaR3lydk9GMUNkaTFhdHBZNm9uYgpTQ1JYeEVPMlUxdjZQeExoSjZrQ0F3RUFBYU5DTUVBd0RnWURWUjBQQVFIL0JBUURBZ0trTUE4R0ExVWRFd0VCCi93UUZNQU1CQWY4d0hRWURWUjBPQkJZRUZBUWJ3YmFPOWxRUGFmd0RVTHV1U3VaY29ZblJNQTBHQ1NxR1NJYjMKRFFFQkN3VUFBNElCQVFCclc3b0YxVUt3cDRRVmpzNnNVS3NSaGY0OFZ5T2l3Nm5NSDFWV24ra2tOOUhRMklhMQpUdkRkbU9ZOSs4T2ZLbTZIaC9tSmh0a3pEZktJZlZ4d2ZiT2FQclVnOWFudUdUN3g3R09oa2IwTXJWZG1iSFNGCkRCbFE2RGtqd05URm5EanRPM002eUJzRGZlRGU1QXhBYnE1TGJCYkVpNGh2bkx2d0J3Y0l6dnN6OXJBQ0FoWmcKQjFIZ3J4dlJqWDhvOGU5T082OUxwNDlaa2p6MlVlMGNuRDV3bGM0TWFoZi90TkZDeExERWFQaUVMODd5WEdLaQo3RVZia3RmUllLZTZwUXZURXZTOHJiZENKd0NLdTZDa3JEMjUrT3AxZ0pMVW14d3VRV3A0TTVyRlNmVEErblJVCmI2WnpoeDdyTVg4NnVLOTdsNXF0aDBuWDhNSFMzejA3M2g2RgotLS0tLUVORCBDRVJUSUZJQ0FURS0tLS0tCg==\n  name: eks_test-eks-glCu6ahw\n\ncontexts:\n- context:\n    cluster: eks_test-eks-glCu6ahw\n    user: eks_test-eks-glCu6ahw\n  name: eks_test-eks-glCu6ahw\n\ncurrent-context: eks_test-eks-glCu6ahw\n\nusers:\n- name: eks_test-eks-glCu6ahw\n  user:\n    exec:\n      apiVersion: client.authentication.k8s.io/v1alpha1\n      command: aws-iam-authenticator\n      args:\n        - \"token\"\n        - \"-i\"\n        - \"test-eks-glCu6ahw\"\n",
            "content_base64": null,
            "directory_permission": "0755",
            "file_permission": "0600",
            "filename": "./kubeconfig_test-eks-glCu6ahw",
            "id": "365129d804892750f59ff3543011a5e32533938a",
            "sensitive_content": null,
            "source": null
          },
          "sensitive_attributes": [],
          "private": "bnVsbA==",
          "dependencies": [
            "data.aws_availability_zones.available",
            "module.eks_cluster.aws_cloudwatch_log_group.this",
            "module.eks_cluster.aws_eks_cluster.this",
            "module.eks_cluster.aws_iam_role.cluster",
            "module.eks_cluster.aws_iam_role_policy_attachment.cluster_AmazonEKSClusterPolicy",
            "module.eks_cluster.aws_iam_role_policy_attachment.cluster_AmazonEKSServicePolicy",
            "module.eks_cluster.aws_iam_role_policy_attachment.cluster_AmazonEKSVPCResourceControllerPolicy",
            "module.eks_cluster.aws_security_group.cluster",
            "module.eks_cluster.aws_security_group.workers",
            "module.eks_cluster.aws_security_group_rule.cluster_egress_internet",
            "module.eks_cluster.aws_security_group_rule.cluster_https_worker_ingress",
            "module.eks_cluster.data.aws_iam_policy_document.cluster_assume_role_policy",
            "module.eks_cluster.data.aws_iam_role.custom_cluster_iam_role",
            "module.eks_cluster.data.aws_partition.current",
            "module.vpc.aws_subnet.public",
            "module.vpc.aws_vpc.this",
            "module.vpc.aws_vpc_ipv4_cidr_block_association.this",
            "random_string.suffix"
          ]
        }
      ]
    },
    {
      "module": "module.eks_cluster.module.fargate",
      "mode": "data",
      "type": "aws_partition",
      "name": "current",
      "provider": "provider[\"registry.terraform.io/hashicorp/aws\"]",
      "instances": [
        {
          "schema_version": 0,
          "attributes": {
            "dns_suffix": "amazonaws.com",
            "id": "aws",
            "partition": "aws",
            "reverse_dns_prefix": "com.amazonaws"
          },
          "sensitive_attributes": []
        }
      ]
    },
    {
      "module": "module.vpc",
      "mode": "managed",
      "type": "aws_eip",
      "name": "nat",
      "provider": "provider[\"registry.terraform.io/hashicorp/aws\"]",
      "instances": [
        {
          "index_key": 0,
          "schema_version": 0,
          "attributes": {
            "address": null,
            "allocation_id": "eipalloc-0fe2b3decf5e0a076",
            "associate_with_private_ip": null,
            "association_id": "",
            "carrier_ip": "",
            "customer_owned_ip": "",
            "customer_owned_ipv4_pool": "",
            "domain": "vpc",
            "id": "eipalloc-0fe2b3decf5e0a076",
            "instance": "",
            "network_border_group": "us-east-1",
            "network_interface": "",
            "private_dns": null,
            "private_ip": "",
            "public_dns": "ec2-3-208-214-68.compute-1.amazonaws.com",
            "public_ip": "3.208.214.68",
            "public_ipv4_pool": "amazon",
            "tags": {
              "Name": "test-vpc-us-east-1a"
            },
            "tags_all": {
              "Name": "test-vpc-us-east-1a"
            },
            "timeouts": null,
            "vpc": true
          },
          "sensitive_attributes": [],
          "private": "eyJlMmJmYjczMC1lY2FhLTExZTYtOGY4OC0zNDM2M2JjN2M0YzAiOnsiZGVsZXRlIjoxODAwMDAwMDAwMDAsInJlYWQiOjkwMDAwMDAwMDAwMCwidXBkYXRlIjozMDAwMDAwMDAwMDB9fQ==",
          "dependencies": [
            "data.aws_availability_zones.available"
          ]
        }
      ]
    },
    {
      "module": "module.vpc",
      "mode": "managed",
      "type": "aws_internet_gateway",
      "name": "this",
      "provider": "provider[\"registry.terraform.io/hashicorp/aws\"]",
      "instances": [
        {
          "index_key": 0,
          "schema_version": 0,
          "attributes": {
            "arn": "arn:aws:ec2:us-east-1:642975746745:internet-gateway/igw-0ca2f8e31b172cfe8",
            "id": "igw-0ca2f8e31b172cfe8",
            "owner_id": "642975746745",
            "tags": {
              "Name": "test-vpc"
            },
            "tags_all": {
              "Name": "test-vpc"
            },
            "vpc_id": "vpc-01b8e9981e1a6a2fc"
          },
          "sensitive_attributes": [],
          "private": "bnVsbA==",
          "dependencies": [
            "module.vpc.aws_vpc.this",
            "module.vpc.aws_vpc_ipv4_cidr_block_association.this"
          ]
        }
      ]
    },
    {
      "module": "module.vpc",
      "mode": "managed",
      "type": "aws_nat_gateway",
      "name": "this",
      "provider": "provider[\"registry.terraform.io/hashicorp/aws\"]",
      "instances": [
        {
          "index_key": 0,
          "schema_version": 0,
          "attributes": {
            "allocation_id": "eipalloc-0fe2b3decf5e0a076",
            "connectivity_type": "public",
            "id": "nat-0747f24310b886fda",
            "network_interface_id": "eni-03c0557421e259527",
            "private_ip": "10.0.4.127",
            "public_ip": "3.208.214.68",
            "subnet_id": "subnet-0def6d5894a89a0d3",
            "tags": {
              "Name": "test-vpc-us-east-1a"
            },
            "tags_all": {
              "Name": "test-vpc-us-east-1a"
            }
          },
          "sensitive_attributes": [],
          "private": "bnVsbA==",
          "dependencies": [
            "data.aws_availability_zones.available",
            "module.vpc.aws_eip.nat",
            "module.vpc.aws_internet_gateway.this",
            "module.vpc.aws_subnet.public",
            "module.vpc.aws_vpc.this",
            "module.vpc.aws_vpc_ipv4_cidr_block_association.this",
            "random_string.suffix"
          ]
        }
      ]
    },
    {
      "module": "module.vpc",
      "mode": "managed",
      "type": "aws_route",
      "name": "private_nat_gateway",
      "provider": "provider[\"registry.terraform.io/hashicorp/aws\"]",
      "instances": [
        {
          "index_key": 0,
          "schema_version": 0,
          "attributes": {
            "carrier_gateway_id": "",
            "destination_cidr_block": "0.0.0.0/0",
            "destination_ipv6_cidr_block": "",
            "destination_prefix_list_id": "",
            "egress_only_gateway_id": "",
            "gateway_id": "",
            "id": "r-rtb-0679f1f3d5b9d2a321080289494",
            "instance_id": "",
            "instance_owner_id": "",
            "local_gateway_id": "",
            "nat_gateway_id": "nat-0747f24310b886fda",
            "network_interface_id": "",
            "origin": "CreateRoute",
            "route_table_id": "rtb-0679f1f3d5b9d2a32",
            "state": "active",
            "timeouts": {
              "create": "5m",
              "delete": null,
              "update": null
            },
            "transit_gateway_id": "",
            "vpc_endpoint_id": "",
            "vpc_peering_connection_id": ""
          },
          "sensitive_attributes": [],
          "private": "eyJlMmJmYjczMC1lY2FhLTExZTYtOGY4OC0zNDM2M2JjN2M0YzAiOnsiY3JlYXRlIjozMDAwMDAwMDAwMDAsImRlbGV0ZSI6MzAwMDAwMDAwMDAwLCJ1cGRhdGUiOjEyMDAwMDAwMDAwMH19",
          "dependencies": [
            "data.aws_availability_zones.available",
            "module.vpc.aws_eip.nat",
            "module.vpc.aws_internet_gateway.this",
            "module.vpc.aws_nat_gateway.this",
            "module.vpc.aws_route_table.private",
            "module.vpc.aws_subnet.public",
            "module.vpc.aws_vpc.this",
            "module.vpc.aws_vpc_ipv4_cidr_block_association.this",
            "random_string.suffix"
          ]
        }
      ]
    },
    {
      "module": "module.vpc",
      "mode": "managed",
      "type": "aws_route",
      "name": "public_internet_gateway",
      "provider": "provider[\"registry.terraform.io/hashicorp/aws\"]",
      "instances": [
        {
          "index_key": 0,
          "schema_version": 0,
          "attributes": {
            "carrier_gateway_id": "",
            "destination_cidr_block": "0.0.0.0/0",
            "destination_ipv6_cidr_block": "",
            "destination_prefix_list_id": "",
            "egress_only_gateway_id": "",
            "gateway_id": "igw-0ca2f8e31b172cfe8",
            "id": "r-rtb-029e8848537a2ab4d1080289494",
            "instance_id": "",
            "instance_owner_id": "",
            "local_gateway_id": "",
            "nat_gateway_id": "",
            "network_interface_id": "",
            "origin": "CreateRoute",
            "route_table_id": "rtb-029e8848537a2ab4d",
            "state": "active",
            "timeouts": {
              "create": "5m",
              "delete": null,
              "update": null
            },
            "transit_gateway_id": "",
            "vpc_endpoint_id": "",
            "vpc_peering_connection_id": ""
          },
          "sensitive_attributes": [],
          "private": "eyJlMmJmYjczMC1lY2FhLTExZTYtOGY4OC0zNDM2M2JjN2M0YzAiOnsiY3JlYXRlIjozMDAwMDAwMDAwMDAsImRlbGV0ZSI6MzAwMDAwMDAwMDAwLCJ1cGRhdGUiOjEyMDAwMDAwMDAwMH19",
          "dependencies": [
            "module.vpc.aws_internet_gateway.this",
            "module.vpc.aws_route_table.public",
            "module.vpc.aws_vpc.this",
            "module.vpc.aws_vpc_ipv4_cidr_block_association.this"
          ]
        }
      ]
    },
    {
      "module": "module.vpc",
      "mode": "managed",
      "type": "aws_route_table",
      "name": "private",
      "provider": "provider[\"registry.terraform.io/hashicorp/aws\"]",
      "instances": [
        {
          "index_key": 0,
          "schema_version": 0,
          "attributes": {
            "arn": "arn:aws:ec2:us-east-1:642975746745:route-table/rtb-0679f1f3d5b9d2a32",
            "id": "rtb-0679f1f3d5b9d2a32",
            "owner_id": "642975746745",
            "propagating_vgws": [],
            "route": [],
            "tags": {
              "Name": "test-vpc-private"
            },
            "tags_all": {
              "Name": "test-vpc-private"
            },
            "timeouts": null,
            "vpc_id": "vpc-01b8e9981e1a6a2fc"
          },
          "sensitive_attributes": [],
          "private": "eyJlMmJmYjczMC1lY2FhLTExZTYtOGY4OC0zNDM2M2JjN2M0YzAiOnsiY3JlYXRlIjozMDAwMDAwMDAwMDAsImRlbGV0ZSI6MzAwMDAwMDAwMDAwLCJ1cGRhdGUiOjEyMDAwMDAwMDAwMH19",
          "dependencies": [
            "data.aws_availability_zones.available",
            "module.vpc.aws_vpc.this",
            "module.vpc.aws_vpc_ipv4_cidr_block_association.this"
          ]
        }
      ]
    },
    {
      "module": "module.vpc",
      "mode": "managed",
      "type": "aws_route_table",
      "name": "public",
      "provider": "provider[\"registry.terraform.io/hashicorp/aws\"]",
      "instances": [
        {
          "index_key": 0,
          "schema_version": 0,
          "attributes": {
            "arn": "arn:aws:ec2:us-east-1:642975746745:route-table/rtb-029e8848537a2ab4d",
            "id": "rtb-029e8848537a2ab4d",
            "owner_id": "642975746745",
            "propagating_vgws": [],
            "route": [],
            "tags": {
              "Name": "test-vpc-public"
            },
            "tags_all": {
              "Name": "test-vpc-public"
            },
            "timeouts": null,
            "vpc_id": "vpc-01b8e9981e1a6a2fc"
          },
          "sensitive_attributes": [],
          "private": "eyJlMmJmYjczMC1lY2FhLTExZTYtOGY4OC0zNDM2M2JjN2M0YzAiOnsiY3JlYXRlIjozMDAwMDAwMDAwMDAsImRlbGV0ZSI6MzAwMDAwMDAwMDAwLCJ1cGRhdGUiOjEyMDAwMDAwMDAwMH19",
          "dependencies": [
            "module.vpc.aws_vpc.this",
            "module.vpc.aws_vpc_ipv4_cidr_block_association.this"
          ]
        }
      ]
    },
    {
      "module": "module.vpc",
      "mode": "managed",
      "type": "aws_route_table_association",
      "name": "private",
      "provider": "provider[\"registry.terraform.io/hashicorp/aws\"]",
      "instances": [
        {
          "index_key": 0,
          "schema_version": 0,
          "attributes": {
            "gateway_id": "",
            "id": "rtbassoc-0f2f718735ed11c55",
            "route_table_id": "rtb-0679f1f3d5b9d2a32",
            "subnet_id": "subnet-0955c7fedaa085326"
          },
          "sensitive_attributes": [],
          "private": "bnVsbA==",
          "dependencies": [
            "data.aws_availability_zones.available",
            "module.vpc.aws_route_table.private",
            "module.vpc.aws_subnet.private",
            "module.vpc.aws_vpc.this",
            "module.vpc.aws_vpc_ipv4_cidr_block_association.this",
            "random_string.suffix"
          ]
        },
        {
          "index_key": 1,
          "schema_version": 0,
          "attributes": {
            "gateway_id": "",
            "id": "rtbassoc-0741649fe9ce4e28a",
            "route_table_id": "rtb-0679f1f3d5b9d2a32",
            "subnet_id": "subnet-00c32cd13f8a0abea"
          },
          "sensitive_attributes": [],
          "private": "bnVsbA==",
          "dependencies": [
            "data.aws_availability_zones.available",
            "module.vpc.aws_route_table.private",
            "module.vpc.aws_subnet.private",
            "module.vpc.aws_vpc.this",
            "module.vpc.aws_vpc_ipv4_cidr_block_association.this",
            "random_string.suffix"
          ]
        },
        {
          "index_key": 2,
          "schema_version": 0,
          "attributes": {
            "gateway_id": "",
            "id": "rtbassoc-07362030152166eb3",
            "route_table_id": "rtb-0679f1f3d5b9d2a32",
            "subnet_id": "subnet-0eb4cd1d6f5ae4ca4"
          },
          "sensitive_attributes": [],
          "private": "bnVsbA==",
          "dependencies": [
            "data.aws_availability_zones.available",
            "module.vpc.aws_route_table.private",
            "module.vpc.aws_subnet.private",
            "module.vpc.aws_vpc.this",
            "module.vpc.aws_vpc_ipv4_cidr_block_association.this",
            "random_string.suffix"
          ]
        }
      ]
    },
    {
      "module": "module.vpc",
      "mode": "managed",
      "type": "aws_route_table_association",
      "name": "public",
      "provider": "provider[\"registry.terraform.io/hashicorp/aws\"]",
      "instances": [
        {
          "index_key": 0,
          "schema_version": 0,
          "attributes": {
            "gateway_id": "",
            "id": "rtbassoc-0419a6c37d0e22b4e",
            "route_table_id": "rtb-029e8848537a2ab4d",
            "subnet_id": "subnet-0def6d5894a89a0d3"
          },
          "sensitive_attributes": [],
          "private": "bnVsbA==",
          "dependencies": [
            "data.aws_availability_zones.available",
            "module.vpc.aws_route_table.public",
            "module.vpc.aws_subnet.public",
            "module.vpc.aws_vpc.this",
            "module.vpc.aws_vpc_ipv4_cidr_block_association.this",
            "random_string.suffix"
          ]
        },
        {
          "index_key": 1,
          "schema_version": 0,
          "attributes": {
            "gateway_id": "",
            "id": "rtbassoc-03beaa3afd504ca20",
            "route_table_id": "rtb-029e8848537a2ab4d",
            "subnet_id": "subnet-0e75e1b1635023804"
          },
          "sensitive_attributes": [],
          "private": "bnVsbA==",
          "dependencies": [
            "data.aws_availability_zones.available",
            "module.vpc.aws_route_table.public",
            "module.vpc.aws_subnet.public",
            "module.vpc.aws_vpc.this",
            "module.vpc.aws_vpc_ipv4_cidr_block_association.this",
            "random_string.suffix"
          ]
        },
        {
          "index_key": 2,
          "schema_version": 0,
          "attributes": {
            "gateway_id": "",
            "id": "rtbassoc-073f61110192fea70",
            "route_table_id": "rtb-029e8848537a2ab4d",
            "subnet_id": "subnet-00eff4ba39f141c33"
          },
          "sensitive_attributes": [],
          "private": "bnVsbA==",
          "dependencies": [
            "data.aws_availability_zones.available",
            "module.vpc.aws_route_table.public",
            "module.vpc.aws_subnet.public",
            "module.vpc.aws_vpc.this",
            "module.vpc.aws_vpc_ipv4_cidr_block_association.this",
            "random_string.suffix"
          ]
        }
      ]
    },
    {
      "module": "module.vpc",
      "mode": "managed",
      "type": "aws_subnet",
      "name": "private",
      "provider": "provider[\"registry.terraform.io/hashicorp/aws\"]",
      "instances": [
        {
          "index_key": 0,
          "schema_version": 1,
          "attributes": {
            "arn": "arn:aws:ec2:us-east-1:642975746745:subnet/subnet-0955c7fedaa085326",
            "assign_ipv6_address_on_creation": false,
            "availability_zone": "us-east-1a",
            "availability_zone_id": "use1-az2",
            "cidr_block": "10.0.1.0/24",
            "customer_owned_ipv4_pool": "",
            "enable_dns64": false,
            "enable_resource_name_dns_a_record_on_launch": false,
            "enable_resource_name_dns_aaaa_record_on_launch": false,
            "id": "subnet-0955c7fedaa085326",
            "ipv6_cidr_block": "",
            "ipv6_cidr_block_association_id": "",
            "ipv6_native": false,
            "map_customer_owned_ip_on_launch": false,
            "map_public_ip_on_launch": false,
            "outpost_arn": "",
            "owner_id": "642975746745",
            "private_dns_hostname_type_on_launch": "ip-name",
            "tags": {
              "Name": "test-vpc-private-us-east-1a",
              "kubernetes.io/cluster/test-eks-glCu6ahw": "shared",
              "kubernetes.io/role/internal-elb": "1"
            },
            "tags_all": {
              "Name": "test-vpc-private-us-east-1a",
              "kubernetes.io/cluster/test-eks-glCu6ahw": "shared",
              "kubernetes.io/role/internal-elb": "1"
            },
            "timeouts": null,
            "vpc_id": "vpc-01b8e9981e1a6a2fc"
          },
          "sensitive_attributes": [],
          "private": "eyJlMmJmYjczMC1lY2FhLTExZTYtOGY4OC0zNDM2M2JjN2M0YzAiOnsiY3JlYXRlIjo2MDAwMDAwMDAwMDAsImRlbGV0ZSI6MTIwMDAwMDAwMDAwMH0sInNjaGVtYV92ZXJzaW9uIjoiMSJ9",
          "dependencies": [
            "data.aws_availability_zones.available",
            "module.vpc.aws_vpc.this",
            "module.vpc.aws_vpc_ipv4_cidr_block_association.this",
            "random_string.suffix"
          ]
        },
        {
          "index_key": 1,
          "schema_version": 1,
          "attributes": {
            "arn": "arn:aws:ec2:us-east-1:642975746745:subnet/subnet-00c32cd13f8a0abea",
            "assign_ipv6_address_on_creation": false,
            "availability_zone": "us-east-1b",
            "availability_zone_id": "use1-az4",
            "cidr_block": "10.0.2.0/24",
            "customer_owned_ipv4_pool": "",
            "enable_dns64": false,
            "enable_resource_name_dns_a_record_on_launch": false,
            "enable_resource_name_dns_aaaa_record_on_launch": false,
            "id": "subnet-00c32cd13f8a0abea",
            "ipv6_cidr_block": "",
            "ipv6_cidr_block_association_id": "",
            "ipv6_native": false,
            "map_customer_owned_ip_on_launch": false,
            "map_public_ip_on_launch": false,
            "outpost_arn": "",
            "owner_id": "642975746745",
            "private_dns_hostname_type_on_launch": "ip-name",
            "tags": {
              "Name": "test-vpc-private-us-east-1b",
              "kubernetes.io/cluster/test-eks-glCu6ahw": "shared",
              "kubernetes.io/role/internal-elb": "1"
            },
            "tags_all": {
              "Name": "test-vpc-private-us-east-1b",
              "kubernetes.io/cluster/test-eks-glCu6ahw": "shared",
              "kubernetes.io/role/internal-elb": "1"
            },
            "timeouts": null,
            "vpc_id": "vpc-01b8e9981e1a6a2fc"
          },
          "sensitive_attributes": [],
          "private": "eyJlMmJmYjczMC1lY2FhLTExZTYtOGY4OC0zNDM2M2JjN2M0YzAiOnsiY3JlYXRlIjo2MDAwMDAwMDAwMDAsImRlbGV0ZSI6MTIwMDAwMDAwMDAwMH0sInNjaGVtYV92ZXJzaW9uIjoiMSJ9",
          "dependencies": [
            "data.aws_availability_zones.available",
            "module.vpc.aws_vpc.this",
            "module.vpc.aws_vpc_ipv4_cidr_block_association.this",
            "random_string.suffix"
          ]
        },
        {
          "index_key": 2,
          "schema_version": 1,
          "attributes": {
            "arn": "arn:aws:ec2:us-east-1:642975746745:subnet/subnet-0eb4cd1d6f5ae4ca4",
            "assign_ipv6_address_on_creation": false,
            "availability_zone": "us-east-1c",
            "availability_zone_id": "use1-az6",
            "cidr_block": "10.0.3.0/24",
            "customer_owned_ipv4_pool": "",
            "enable_dns64": false,
            "enable_resource_name_dns_a_record_on_launch": false,
            "enable_resource_name_dns_aaaa_record_on_launch": false,
            "id": "subnet-0eb4cd1d6f5ae4ca4",
            "ipv6_cidr_block": "",
            "ipv6_cidr_block_association_id": "",
            "ipv6_native": false,
            "map_customer_owned_ip_on_launch": false,
            "map_public_ip_on_launch": false,
            "outpost_arn": "",
            "owner_id": "642975746745",
            "private_dns_hostname_type_on_launch": "ip-name",
            "tags": {
              "Name": "test-vpc-private-us-east-1c",
              "kubernetes.io/cluster/test-eks-glCu6ahw": "shared",
              "kubernetes.io/role/internal-elb": "1"
            },
            "tags_all": {
              "Name": "test-vpc-private-us-east-1c",
              "kubernetes.io/cluster/test-eks-glCu6ahw": "shared",
              "kubernetes.io/role/internal-elb": "1"
            },
            "timeouts": null,
            "vpc_id": "vpc-01b8e9981e1a6a2fc"
          },
          "sensitive_attributes": [],
          "private": "eyJlMmJmYjczMC1lY2FhLTExZTYtOGY4OC0zNDM2M2JjN2M0YzAiOnsiY3JlYXRlIjo2MDAwMDAwMDAwMDAsImRlbGV0ZSI6MTIwMDAwMDAwMDAwMH0sInNjaGVtYV92ZXJzaW9uIjoiMSJ9",
          "dependencies": [
            "data.aws_availability_zones.available",
            "module.vpc.aws_vpc.this",
            "module.vpc.aws_vpc_ipv4_cidr_block_association.this",
            "random_string.suffix"
          ]
        }
      ]
    },
    {
      "module": "module.vpc",
      "mode": "managed",
      "type": "aws_subnet",
      "name": "public",
      "provider": "provider[\"registry.terraform.io/hashicorp/aws\"]",
      "instances": [
        {
          "index_key": 0,
          "schema_version": 1,
          "attributes": {
            "arn": "arn:aws:ec2:us-east-1:642975746745:subnet/subnet-0def6d5894a89a0d3",
            "assign_ipv6_address_on_creation": false,
            "availability_zone": "us-east-1a",
            "availability_zone_id": "use1-az2",
            "cidr_block": "10.0.4.0/24",
            "customer_owned_ipv4_pool": "",
            "enable_dns64": false,
            "enable_resource_name_dns_a_record_on_launch": false,
            "enable_resource_name_dns_aaaa_record_on_launch": false,
            "id": "subnet-0def6d5894a89a0d3",
            "ipv6_cidr_block": "",
            "ipv6_cidr_block_association_id": "",
            "ipv6_native": false,
            "map_customer_owned_ip_on_launch": false,
            "map_public_ip_on_launch": true,
            "outpost_arn": "",
            "owner_id": "642975746745",
            "private_dns_hostname_type_on_launch": "ip-name",
            "tags": {
              "Name": "test-vpc-public-us-east-1a",
              "kubernetes.io/cluster/test-eks-glCu6ahw": "shared",
              "kubernetes.io/role/elb": "1"
            },
            "tags_all": {
              "Name": "test-vpc-public-us-east-1a",
              "kubernetes.io/cluster/test-eks-glCu6ahw": "shared",
              "kubernetes.io/role/elb": "1"
            },
            "timeouts": null,
            "vpc_id": "vpc-01b8e9981e1a6a2fc"
          },
          "sensitive_attributes": [],
          "private": "eyJlMmJmYjczMC1lY2FhLTExZTYtOGY4OC0zNDM2M2JjN2M0YzAiOnsiY3JlYXRlIjo2MDAwMDAwMDAwMDAsImRlbGV0ZSI6MTIwMDAwMDAwMDAwMH0sInNjaGVtYV92ZXJzaW9uIjoiMSJ9",
          "dependencies": [
            "data.aws_availability_zones.available",
            "module.vpc.aws_vpc.this",
            "module.vpc.aws_vpc_ipv4_cidr_block_association.this",
            "random_string.suffix"
          ],
          "create_before_destroy": true
        },
        {
          "index_key": 1,
          "schema_version": 1,
          "attributes": {
            "arn": "arn:aws:ec2:us-east-1:642975746745:subnet/subnet-0e75e1b1635023804",
            "assign_ipv6_address_on_creation": false,
            "availability_zone": "us-east-1b",
            "availability_zone_id": "use1-az4",
            "cidr_block": "10.0.5.0/24",
            "customer_owned_ipv4_pool": "",
            "enable_dns64": false,
            "enable_resource_name_dns_a_record_on_launch": false,
            "enable_resource_name_dns_aaaa_record_on_launch": false,
            "id": "subnet-0e75e1b1635023804",
            "ipv6_cidr_block": "",
            "ipv6_cidr_block_association_id": "",
            "ipv6_native": false,
            "map_customer_owned_ip_on_launch": false,
            "map_public_ip_on_launch": true,
            "outpost_arn": "",
            "owner_id": "642975746745",
            "private_dns_hostname_type_on_launch": "ip-name",
            "tags": {
              "Name": "test-vpc-public-us-east-1b",
              "kubernetes.io/cluster/test-eks-glCu6ahw": "shared",
              "kubernetes.io/role/elb": "1"
            },
            "tags_all": {
              "Name": "test-vpc-public-us-east-1b",
              "kubernetes.io/cluster/test-eks-glCu6ahw": "shared",
              "kubernetes.io/role/elb": "1"
            },
            "timeouts": null,
            "vpc_id": "vpc-01b8e9981e1a6a2fc"
          },
          "sensitive_attributes": [],
          "private": "eyJlMmJmYjczMC1lY2FhLTExZTYtOGY4OC0zNDM2M2JjN2M0YzAiOnsiY3JlYXRlIjo2MDAwMDAwMDAwMDAsImRlbGV0ZSI6MTIwMDAwMDAwMDAwMH0sInNjaGVtYV92ZXJzaW9uIjoiMSJ9",
          "dependencies": [
            "data.aws_availability_zones.available",
            "module.vpc.aws_vpc.this",
            "module.vpc.aws_vpc_ipv4_cidr_block_association.this",
            "random_string.suffix"
          ],
          "create_before_destroy": true
        },
        {
          "index_key": 2,
          "schema_version": 1,
          "attributes": {
            "arn": "arn:aws:ec2:us-east-1:642975746745:subnet/subnet-00eff4ba39f141c33",
            "assign_ipv6_address_on_creation": false,
            "availability_zone": "us-east-1c",
            "availability_zone_id": "use1-az6",
            "cidr_block": "10.0.6.0/24",
            "customer_owned_ipv4_pool": "",
            "enable_dns64": false,
            "enable_resource_name_dns_a_record_on_launch": false,
            "enable_resource_name_dns_aaaa_record_on_launch": false,
            "id": "subnet-00eff4ba39f141c33",
            "ipv6_cidr_block": "",
            "ipv6_cidr_block_association_id": "",
            "ipv6_native": false,
            "map_customer_owned_ip_on_launch": false,
            "map_public_ip_on_launch": true,
            "outpost_arn": "",
            "owner_id": "642975746745",
            "private_dns_hostname_type_on_launch": "ip-name",
            "tags": {
              "Name": "test-vpc-public-us-east-1c",
              "kubernetes.io/cluster/test-eks-glCu6ahw": "shared",
              "kubernetes.io/role/elb": "1"
            },
            "tags_all": {
              "Name": "test-vpc-public-us-east-1c",
              "kubernetes.io/cluster/test-eks-glCu6ahw": "shared",
              "kubernetes.io/role/elb": "1"
            },
            "timeouts": null,
            "vpc_id": "vpc-01b8e9981e1a6a2fc"
          },
          "sensitive_attributes": [],
          "private": "eyJlMmJmYjczMC1lY2FhLTExZTYtOGY4OC0zNDM2M2JjN2M0YzAiOnsiY3JlYXRlIjo2MDAwMDAwMDAwMDAsImRlbGV0ZSI6MTIwMDAwMDAwMDAwMH0sInNjaGVtYV92ZXJzaW9uIjoiMSJ9",
          "dependencies": [
            "data.aws_availability_zones.available",
            "module.vpc.aws_vpc.this",
            "module.vpc.aws_vpc_ipv4_cidr_block_association.this",
            "random_string.suffix"
          ],
          "create_before_destroy": true
        }
      ]
    },
    {
      "module": "module.vpc",
      "mode": "managed",
      "type": "aws_vpc",
      "name": "this",
      "provider": "provider[\"registry.terraform.io/hashicorp/aws\"]",
      "instances": [
        {
          "index_key": 0,
          "schema_version": 1,
          "attributes": {
            "arn": "arn:aws:ec2:us-east-1:642975746745:vpc/vpc-01b8e9981e1a6a2fc",
            "assign_generated_ipv6_cidr_block": false,
            "cidr_block": "10.0.0.0/16",
            "default_network_acl_id": "acl-0ec958c825fe5ba08",
            "default_route_table_id": "rtb-03f7a15576f60faee",
            "default_security_group_id": "sg-01d6c9bf1903f0de7",
            "dhcp_options_id": "dopt-89c4c7f3",
            "enable_classiclink": false,
            "enable_classiclink_dns_support": false,
            "enable_dns_hostnames": true,
            "enable_dns_support": true,
            "id": "vpc-01b8e9981e1a6a2fc",
            "instance_tenancy": "default",
            "ipv4_ipam_pool_id": null,
            "ipv4_netmask_length": null,
            "ipv6_association_id": "",
            "ipv6_cidr_block": "",
            "ipv6_cidr_block_network_border_group": "",
            "ipv6_ipam_pool_id": "",
            "ipv6_netmask_length": 0,
            "main_route_table_id": "rtb-03f7a15576f60faee",
            "owner_id": "642975746745",
            "tags": {
              "Name": "test-vpc"
            },
            "tags_all": {
              "Name": "test-vpc"
            }
          },
          "sensitive_attributes": [],
          "private": "eyJzY2hlbWFfdmVyc2lvbiI6IjEifQ==",
          "create_before_destroy": true
        }
      ]
    }
  ]
}
